// !$*UTF8*$!
{
	archiveVersion = 1;
	classes = {
	};
	objectVersion = 46;
	objects = {

/* Begin PBXBuildFile section */
		1616C56B196FB64A003D095F /* GameScene.cpp in Sources */ = {isa = PBXBuildFile; fileRef = 1616C569196FB64A003D095F /* GameScene.cpp */; };
		16393A5619C9B68D0030DC90 /* CoreData.framework in Frameworks */ = {isa = PBXBuildFile; fileRef = 16393A5519C9B68D0030DC90 /* CoreData.framework */; };
		16393A5A19C9B6990030DC90 /* SystemConfiguration.framework in Frameworks */ = {isa = PBXBuildFile; fileRef = 16393A5919C9B6990030DC90 /* SystemConfiguration.framework */; };
		16393A6319C9B6D40030DC90 /* libGoogleAnalyticsServices.a in Frameworks */ = {isa = PBXBuildFile; fileRef = 16393A6219C9B6D40030DC90 /* libGoogleAnalyticsServices.a */; };
		16393A7019C9C3DB0030DC90 /* GoogleAnalyticsTracker.mm in Sources */ = {isa = PBXBuildFile; fileRef = 16393A6F19C9C3DB0030DC90 /* GoogleAnalyticsTracker.mm */; };
		163A0ACF19C693E10007339C /* Marker Felt.ttf in Resources */ = {isa = PBXBuildFile; fileRef = 163A0ACE19C693E10007339C /* Marker Felt.ttf */; };
		163A0AD419C6984B0007339C /* LabelRPG.cpp in Sources */ = {isa = PBXBuildFile; fileRef = 163A0AD219C6984B0007339C /* LabelRPG.cpp */; };
		163A0AD619C6A27F0007339C /* Hiragino Sans GB W3.otf in Resources */ = {isa = PBXBuildFile; fileRef = 163A0AD519C6A27F0007339C /* Hiragino Sans GB W3.otf */; };
		1640053F19E91E8D0093FB90 /* Twitter.framework in Frameworks */ = {isa = PBXBuildFile; fileRef = 1640053E19E91E8D0093FB90 /* Twitter.framework */; };
		1640BEB91970238100593581 /* GesshiSprite.cpp in Sources */ = {isa = PBXBuildFile; fileRef = 1640BEB71970238100593581 /* GesshiSprite.cpp */; };
		1640BEC51972965F00593581 /* StoneSprite.cpp in Sources */ = {isa = PBXBuildFile; fileRef = 1640BEC31972965F00593581 /* StoneSprite.cpp */; };
		166334CE19A83ED2006F1CA8 /* SplashScene.cpp in Sources */ = {isa = PBXBuildFile; fileRef = 166334CC19A83ED2006F1CA8 /* SplashScene.cpp */; };
		166334D419A86DB7006F1CA8 /* Images.xcassets in Resources */ = {isa = PBXBuildFile; fileRef = 166334D319A86DB7006F1CA8 /* Images.xcassets */; };
		16907FEE19CD129100486ABB /* AudioManager.cpp in Sources */ = {isa = PBXBuildFile; fileRef = 16907FEC19CD129100486ABB /* AudioManager.cpp */; };
		1690801319CD13D000486ABB /* BackGround.png in Resources */ = {isa = PBXBuildFile; fileRef = 16907FF519CD13D000486ABB /* BackGround.png */; };
		1690801419CD13D000486ABB /* BaseCare.png in Resources */ = {isa = PBXBuildFile; fileRef = 16907FF619CD13D000486ABB /* BaseCare.png */; };
		1690801519CD13D000486ABB /* BaseGp.png in Resources */ = {isa = PBXBuildFile; fileRef = 16907FF719CD13D000486ABB /* BaseGp.png */; };
		1690801619CD13D000486ABB /* Btn_1.png in Resources */ = {isa = PBXBuildFile; fileRef = 16907FF819CD13D000486ABB /* Btn_1.png */; };
		1690801719CD13D000486ABB /* ButtonClose.png in Resources */ = {isa = PBXBuildFile; fileRef = 16907FF919CD13D000486ABB /* ButtonClose.png */; };
		1690801819CD13D000486ABB /* ButtonNormal.png in Resources */ = {isa = PBXBuildFile; fileRef = 16907FFA19CD13D000486ABB /* ButtonNormal.png */; };
		1690801919CD13D000486ABB /* Default-568h@2x.png in Resources */ = {isa = PBXBuildFile; fileRef = 16907FFB19CD13D000486ABB /* Default-568h@2x.png */; };
		1690801A19CD13D000486ABB /* Fertilizer_1_1.png in Resources */ = {isa = PBXBuildFile; fileRef = 16907FFC19CD13D000486ABB /* Fertilizer_1_1.png */; };
		1690801B19CD13D000486ABB /* Gesshi_1.png in Resources */ = {isa = PBXBuildFile; fileRef = 16907FFD19CD13D000486ABB /* Gesshi_1.png */; };
		1690801C19CD13D000486ABB /* Gesshi_2.png in Resources */ = {isa = PBXBuildFile; fileRef = 16907FFE19CD13D000486ABB /* Gesshi_2.png */; };
		1690801D19CD13D000486ABB /* Hamster_1_1.png in Resources */ = {isa = PBXBuildFile; fileRef = 16907FFF19CD13D000486ABB /* Hamster_1_1.png */; };
		1690801E19CD13D000486ABB /* Hamster_1_2.png in Resources */ = {isa = PBXBuildFile; fileRef = 1690800019CD13D000486ABB /* Hamster_1_2.png */; };
		1690801F19CD13D000486ABB /* HelloWorld.png in Resources */ = {isa = PBXBuildFile; fileRef = 1690800119CD13D000486ABB /* HelloWorld.png */; };
		1690802019CD13D000486ABB /* Num_0.png in Resources */ = {isa = PBXBuildFile; fileRef = 1690800219CD13D000486ABB /* Num_0.png */; };
		1690802119CD13D000486ABB /* Num_1.png in Resources */ = {isa = PBXBuildFile; fileRef = 1690800319CD13D000486ABB /* Num_1.png */; };
		1690802219CD13D000486ABB /* Num_2.png in Resources */ = {isa = PBXBuildFile; fileRef = 1690800419CD13D000486ABB /* Num_2.png */; };
		1690802319CD13D000486ABB /* Num_3.png in Resources */ = {isa = PBXBuildFile; fileRef = 1690800519CD13D000486ABB /* Num_3.png */; };
		1690802419CD13D000486ABB /* Num_4.png in Resources */ = {isa = PBXBuildFile; fileRef = 1690800619CD13D000486ABB /* Num_4.png */; };
		1690802519CD13D000486ABB /* Num_5.png in Resources */ = {isa = PBXBuildFile; fileRef = 1690800719CD13D000486ABB /* Num_5.png */; };
		1690802619CD13D000486ABB /* Num_6.png in Resources */ = {isa = PBXBuildFile; fileRef = 1690800819CD13D000486ABB /* Num_6.png */; };
		1690802719CD13D000486ABB /* Num_7.png in Resources */ = {isa = PBXBuildFile; fileRef = 1690800919CD13D000486ABB /* Num_7.png */; };
		1690802819CD13D000486ABB /* Num_8.png in Resources */ = {isa = PBXBuildFile; fileRef = 1690800A19CD13D000486ABB /* Num_8.png */; };
		1690802919CD13D000486ABB /* Num_9.png in Resources */ = {isa = PBXBuildFile; fileRef = 1690800B19CD13D000486ABB /* Num_9.png */; };
		1690802A19CD13D000486ABB /* Shadow.png in Resources */ = {isa = PBXBuildFile; fileRef = 1690800C19CD13D000486ABB /* Shadow.png */; };
		1690802B19CD13D000486ABB /* Stone_1.png in Resources */ = {isa = PBXBuildFile; fileRef = 1690800D19CD13D000486ABB /* Stone_1.png */; };
		1690802C19CD13D000486ABB /* Stone_2.png in Resources */ = {isa = PBXBuildFile; fileRef = 1690800E19CD13D000486ABB /* Stone_2.png */; };
		1690802D19CD13D000486ABB /* Stone_3.png in Resources */ = {isa = PBXBuildFile; fileRef = 1690800F19CD13D000486ABB /* Stone_3.png */; };
		1690802E19CD13D000486ABB /* Stone_4.png in Resources */ = {isa = PBXBuildFile; fileRef = 1690801019CD13D000486ABB /* Stone_4.png */; };
		1690802F19CD13D000486ABB /* puyon1.mp3 in Resources */ = {isa = PBXBuildFile; fileRef = 1690801219CD13D000486ABB /* puyon1.mp3 */; };
		1690803219CD31C000486ABB /* cursor7.mp3 in Resources */ = {isa = PBXBuildFile; fileRef = 1690803119CD31C000486ABB /* cursor7.mp3 */; };
		1690803719CDCEDC00486ABB /* stone-break1.mp3 in Resources */ = {isa = PBXBuildFile; fileRef = 1690803519CDCEDC00486ABB /* stone-break1.mp3 */; };
		1690803819CDCEDC00486ABB /* water-drop1.mp3 in Resources */ = {isa = PBXBuildFile; fileRef = 1690803619CDCEDC00486ABB /* water-drop1.mp3 */; };
		1690803B19CDD72C00486ABB /* ModalLayer.cpp in Sources */ = {isa = PBXBuildFile; fileRef = 1690803919CDD72C00486ABB /* ModalLayer.cpp */; };
		1690804119CE733B00486ABB /* ModalButtonDisable.png in Resources */ = {isa = PBXBuildFile; fileRef = 1690803C19CE733A00486ABB /* ModalButtonDisable.png */; };
		1690804219CE733B00486ABB /* ModalButtonEnable.png in Resources */ = {isa = PBXBuildFile; fileRef = 1690803D19CE733A00486ABB /* ModalButtonEnable.png */; };
		1690804419CE733B00486ABB /* No.png in Resources */ = {isa = PBXBuildFile; fileRef = 1690803F19CE733A00486ABB /* No.png */; };
		1690804519CE733B00486ABB /* Ok.png in Resources */ = {isa = PBXBuildFile; fileRef = 1690804019CE733A00486ABB /* Ok.png */; };
		1690804719CE73B300486ABB /* Modal.png in Resources */ = {isa = PBXBuildFile; fileRef = 1690804619CE73B300486ABB /* Modal.png */; };
		1690804A19CE7A1C00486ABB /* MenuSound.cpp in Sources */ = {isa = PBXBuildFile; fileRef = 1690804819CE7A1C00486ABB /* MenuSound.cpp */; };
		1690882419D0DD5D00486ABB /* libNendAd.a in Frameworks */ = {isa = PBXBuildFile; fileRef = 1690881D19D0DD5D00486ABB /* libNendAd.a */; };
		1690882519D0DD5D00486ABB /* NADView_readme.txt in Resources */ = {isa = PBXBuildFile; fileRef = 1690882319D0DD5D00486ABB /* NADView_readme.txt */; };
		1693D40519B48B5E00C6DCF2 /* ImageIO.framework in Frameworks */ = {isa = PBXBuildFile; fileRef = 1693D40419B48B5E00C6DCF2 /* ImageIO.framework */; };
		1693D40C19B48CE400C6DCF2 /* NendIconModule.mm in Sources */ = {isa = PBXBuildFile; fileRef = 1693D40919B48CE400C6DCF2 /* NendIconModule.mm */; };
		1693D40D19B48CE400C6DCF2 /* NendInterstitialModule.mm in Sources */ = {isa = PBXBuildFile; fileRef = 1693D40A19B48CE400C6DCF2 /* NendInterstitialModule.mm */; };
		1693D40E19B48CE400C6DCF2 /* NendModule.mm in Sources */ = {isa = PBXBuildFile; fileRef = 1693D40B19B48CE400C6DCF2 /* NendModule.mm */; };
		16BF042A19B4736B006F4B23 /* Security.framework in Frameworks */ = {isa = PBXBuildFile; fileRef = 16BF042919B4736B006F4B23 /* Security.framework */; };
		16BF042E19B47374006F4B23 /* AdSupport.framework in Frameworks */ = {isa = PBXBuildFile; fileRef = 16BF042D19B47373006F4B23 /* AdSupport.framework */; };
		1AC6FB1F180E996B004C840B /* libbox2d Mac.a in Frameworks */ = {isa = PBXBuildFile; fileRef = 1AC6FAFF180E9839004C840B /* libbox2d Mac.a */; };
		1AC6FB20180E996B004C840B /* libchipmunk Mac.a in Frameworks */ = {isa = PBXBuildFile; fileRef = 1AC6FAFD180E9839004C840B /* libchipmunk Mac.a */; };
		1AC6FB21180E996B004C840B /* libcocos2dx Mac.a in Frameworks */ = {isa = PBXBuildFile; fileRef = 1AC6FAF9180E9839004C840B /* libcocos2dx Mac.a */; };
		1AC6FB22180E996B004C840B /* libcocos2dx-extensions Mac.a in Frameworks */ = {isa = PBXBuildFile; fileRef = 1AC6FAFB180E9839004C840B /* libcocos2dx-extensions Mac.a */; };
		1AC6FB23180E996B004C840B /* libCocosDenshion Mac.a in Frameworks */ = {isa = PBXBuildFile; fileRef = 1AC6FB01180E9839004C840B /* libCocosDenshion Mac.a */; };
		1AC6FB2E180E99EB004C840B /* libbox2d iOS.a in Frameworks */ = {isa = PBXBuildFile; fileRef = 1AC6FB0D180E9839004C840B /* libbox2d iOS.a */; };
		1AC6FB2F180E99EB004C840B /* libchipmunk iOS.a in Frameworks */ = {isa = PBXBuildFile; fileRef = 1AC6FB0B180E9839004C840B /* libchipmunk iOS.a */; };
		1AC6FB30180E99EB004C840B /* libcocos2dx iOS.a in Frameworks */ = {isa = PBXBuildFile; fileRef = 1AC6FB07180E9839004C840B /* libcocos2dx iOS.a */; };
		1AC6FB31180E99EB004C840B /* libcocos2dx-extensions iOS.a in Frameworks */ = {isa = PBXBuildFile; fileRef = 1AC6FB09180E9839004C840B /* libcocos2dx-extensions iOS.a */; };
		1AC6FB32180E99EB004C840B /* libCocosDenshion iOS.a in Frameworks */ = {isa = PBXBuildFile; fileRef = 1AC6FB0F180E9839004C840B /* libCocosDenshion iOS.a */; };
		1AFAF8B716D35DE700DB1158 /* AppDelegate.cpp in Sources */ = {isa = PBXBuildFile; fileRef = 1AFAF8B316D35DE700DB1158 /* AppDelegate.cpp */; };
		1D60589F0D05DD5A006BFB54 /* Foundation.framework in Frameworks */ = {isa = PBXBuildFile; fileRef = 1D30AB110D05D00D00671497 /* Foundation.framework */; };
		1DF5F4E00D08C38300B7A737 /* UIKit.framework in Frameworks */ = {isa = PBXBuildFile; fileRef = 1DF5F4DF0D08C38300B7A737 /* UIKit.framework */; };
		288765A50DF7441C002DB57D /* CoreGraphics.framework in Frameworks */ = {isa = PBXBuildFile; fileRef = 288765A40DF7441C002DB57D /* CoreGraphics.framework */; };
		503AE0F817EB97AB00D1A890 /* Icon.icns in Resources */ = {isa = PBXBuildFile; fileRef = 503AE0F617EB97AB00D1A890 /* Icon.icns */; };
		503AE10017EB989F00D1A890 /* AppController.mm in Sources */ = {isa = PBXBuildFile; fileRef = 503AE0FB17EB989F00D1A890 /* AppController.mm */; };
		503AE10117EB989F00D1A890 /* main.m in Sources */ = {isa = PBXBuildFile; fileRef = 503AE0FC17EB989F00D1A890 /* main.m */; };
		503AE10217EB989F00D1A890 /* RootViewController.mm in Sources */ = {isa = PBXBuildFile; fileRef = 503AE0FF17EB989F00D1A890 /* RootViewController.mm */; };
		503AE10517EB98FF00D1A890 /* main.cpp in Sources */ = {isa = PBXBuildFile; fileRef = 503AE10317EB98FF00D1A890 /* main.cpp */; };
		503AE11217EB99EE00D1A890 /* libcurl.dylib in Frameworks */ = {isa = PBXBuildFile; fileRef = 503AE11117EB99EE00D1A890 /* libcurl.dylib */; };
		503AE11B17EB9C5A00D1A890 /* IOKit.framework in Frameworks */ = {isa = PBXBuildFile; fileRef = 503AE11A17EB9C5A00D1A890 /* IOKit.framework */; };
		5087E75717EB910900C73F5D /* AppDelegate.cpp in Sources */ = {isa = PBXBuildFile; fileRef = 1AFAF8B316D35DE700DB1158 /* AppDelegate.cpp */; };
		5087E76317EB910900C73F5D /* Foundation.framework in Frameworks */ = {isa = PBXBuildFile; fileRef = 1D30AB110D05D00D00671497 /* Foundation.framework */; };
		5087E76517EB910900C73F5D /* CoreGraphics.framework in Frameworks */ = {isa = PBXBuildFile; fileRef = 288765A40DF7441C002DB57D /* CoreGraphics.framework */; };
		5087E76717EB910900C73F5D /* libz.dylib in Frameworks */ = {isa = PBXBuildFile; fileRef = BF170DB412928DE900B8313A /* libz.dylib */; };
		5087E76817EB910900C73F5D /* QuartzCore.framework in Frameworks */ = {isa = PBXBuildFile; fileRef = BF1C47EA1293683800B63C5D /* QuartzCore.framework */; };
		5087E76917EB910900C73F5D /* OpenAL.framework in Frameworks */ = {isa = PBXBuildFile; fileRef = D44C620B132DFF330009C878 /* OpenAL.framework */; };
		5087E76A17EB910900C73F5D /* AVFoundation.framework in Frameworks */ = {isa = PBXBuildFile; fileRef = D44C620D132DFF430009C878 /* AVFoundation.framework */; };
		5087E76B17EB910900C73F5D /* AudioToolbox.framework in Frameworks */ = {isa = PBXBuildFile; fileRef = D44C620F132DFF4E0009C878 /* AudioToolbox.framework */; };
		5087E77D17EB970100C73F5D /* Default-568h@2x.png in Resources */ = {isa = PBXBuildFile; fileRef = 5087E77217EB970100C73F5D /* Default-568h@2x.png */; };
		5087E77E17EB970100C73F5D /* Default.png in Resources */ = {isa = PBXBuildFile; fileRef = 5087E77317EB970100C73F5D /* Default.png */; };
		5087E77F17EB970100C73F5D /* Default@2x.png in Resources */ = {isa = PBXBuildFile; fileRef = 5087E77417EB970100C73F5D /* Default@2x.png */; };
		5087E78017EB970100C73F5D /* Icon-114.png in Resources */ = {isa = PBXBuildFile; fileRef = 5087E77517EB970100C73F5D /* Icon-114.png */; };
		5087E78117EB970100C73F5D /* Icon-120.png in Resources */ = {isa = PBXBuildFile; fileRef = 5087E77617EB970100C73F5D /* Icon-120.png */; };
		5087E78217EB970100C73F5D /* Icon-144.png in Resources */ = {isa = PBXBuildFile; fileRef = 5087E77717EB970100C73F5D /* Icon-144.png */; };
		5087E78317EB970100C73F5D /* Icon-152.png in Resources */ = {isa = PBXBuildFile; fileRef = 5087E77817EB970100C73F5D /* Icon-152.png */; };
		5087E78417EB970100C73F5D /* Icon-57.png in Resources */ = {isa = PBXBuildFile; fileRef = 5087E77917EB970100C73F5D /* Icon-57.png */; };
		5087E78517EB970100C73F5D /* Icon-72.png in Resources */ = {isa = PBXBuildFile; fileRef = 5087E77A17EB970100C73F5D /* Icon-72.png */; };
		5087E78617EB970100C73F5D /* Icon-76.png in Resources */ = {isa = PBXBuildFile; fileRef = 5087E77B17EB970100C73F5D /* Icon-76.png */; };
		5087E78917EB974C00C73F5D /* AppKit.framework in Frameworks */ = {isa = PBXBuildFile; fileRef = 5087E78817EB974C00C73F5D /* AppKit.framework */; };
		5087E78B17EB975400C73F5D /* OpenGL.framework in Frameworks */ = {isa = PBXBuildFile; fileRef = 5087E78A17EB975400C73F5D /* OpenGL.framework */; };
		50EF629617ECD46A001EB2F8 /* Icon-40.png in Resources */ = {isa = PBXBuildFile; fileRef = 50EF629217ECD46A001EB2F8 /* Icon-40.png */; };
		50EF629717ECD46A001EB2F8 /* Icon-58.png in Resources */ = {isa = PBXBuildFile; fileRef = 50EF629317ECD46A001EB2F8 /* Icon-58.png */; };
		50EF629817ECD46A001EB2F8 /* Icon-80.png in Resources */ = {isa = PBXBuildFile; fileRef = 50EF629417ECD46A001EB2F8 /* Icon-80.png */; };
		50EF629917ECD46A001EB2F8 /* Icon-100.png in Resources */ = {isa = PBXBuildFile; fileRef = 50EF629517ECD46A001EB2F8 /* Icon-100.png */; };
		50EF62A217ECD613001EB2F8 /* Icon-29.png in Resources */ = {isa = PBXBuildFile; fileRef = 50EF62A017ECD613001EB2F8 /* Icon-29.png */; };
		50EF62A317ECD613001EB2F8 /* Icon-50.png in Resources */ = {isa = PBXBuildFile; fileRef = 50EF62A117ECD613001EB2F8 /* Icon-50.png */; };
		BF171245129291EC00B8313A /* OpenGLES.framework in Frameworks */ = {isa = PBXBuildFile; fileRef = BF170DB012928DE900B8313A /* OpenGLES.framework */; };
		BF1712471292920000B8313A /* libz.dylib in Frameworks */ = {isa = PBXBuildFile; fileRef = BF170DB412928DE900B8313A /* libz.dylib */; };
		BF1C47F01293687400B63C5D /* QuartzCore.framework in Frameworks */ = {isa = PBXBuildFile; fileRef = BF1C47EA1293683800B63C5D /* QuartzCore.framework */; };
		D44C620C132DFF330009C878 /* OpenAL.framework in Frameworks */ = {isa = PBXBuildFile; fileRef = D44C620B132DFF330009C878 /* OpenAL.framework */; };
		D44C620E132DFF430009C878 /* AVFoundation.framework in Frameworks */ = {isa = PBXBuildFile; fileRef = D44C620D132DFF430009C878 /* AVFoundation.framework */; };
		D44C6210132DFF4E0009C878 /* AudioToolbox.framework in Frameworks */ = {isa = PBXBuildFile; fileRef = D44C620F132DFF4E0009C878 /* AudioToolbox.framework */; };
		D6B0611B1803AB670077942B /* CoreMotion.framework in Frameworks */ = {isa = PBXBuildFile; fileRef = D6B0611A1803AB670077942B /* CoreMotion.framework */; };
/* End PBXBuildFile section */

/* Begin PBXContainerItemProxy section */
		1AC6FAF8180E9839004C840B /* PBXContainerItemProxy */ = {
			isa = PBXContainerItemProxy;
			containerPortal = 1AC6FAE5180E9839004C840B /* cocos2d_libs.xcodeproj */;
			proxyType = 2;
			remoteGlobalIDString = 1551A33F158F2AB200E66CFE;
			remoteInfo = "cocos2dx Mac";
		};
		1AC6FAFA180E9839004C840B /* PBXContainerItemProxy */ = {
			isa = PBXContainerItemProxy;
			containerPortal = 1AC6FAE5180E9839004C840B /* cocos2d_libs.xcodeproj */;
			proxyType = 2;
			remoteGlobalIDString = A03F2FD617814595006731B9;
			remoteInfo = "cocos2dx-extensions Mac";
		};
		1AC6FAFC180E9839004C840B /* PBXContainerItemProxy */ = {
			isa = PBXContainerItemProxy;
			containerPortal = 1AC6FAE5180E9839004C840B /* cocos2d_libs.xcodeproj */;
			proxyType = 2;
			remoteGlobalIDString = A03F2CB81780BD04006731B9;
			remoteInfo = "chipmunk Mac";
		};
		1AC6FAFE180E9839004C840B /* PBXContainerItemProxy */ = {
			isa = PBXContainerItemProxy;
			containerPortal = 1AC6FAE5180E9839004C840B /* cocos2d_libs.xcodeproj */;
			proxyType = 2;
			remoteGlobalIDString = A03F2D9B1780BDF7006731B9;
			remoteInfo = "box2d Mac";
		};
		1AC6FB00180E9839004C840B /* PBXContainerItemProxy */ = {
			isa = PBXContainerItemProxy;
			containerPortal = 1AC6FAE5180E9839004C840B /* cocos2d_libs.xcodeproj */;
			proxyType = 2;
			remoteGlobalIDString = A03F2ED617814268006731B9;
			remoteInfo = "CocosDenshion Mac";
		};
		1AC6FB06180E9839004C840B /* PBXContainerItemProxy */ = {
			isa = PBXContainerItemProxy;
			containerPortal = 1AC6FAE5180E9839004C840B /* cocos2d_libs.xcodeproj */;
			proxyType = 2;
			remoteGlobalIDString = A07A4D641783777C0073F6A7;
			remoteInfo = "cocos2dx iOS";
		};
		1AC6FB08180E9839004C840B /* PBXContainerItemProxy */ = {
			isa = PBXContainerItemProxy;
			containerPortal = 1AC6FAE5180E9839004C840B /* cocos2d_libs.xcodeproj */;
			proxyType = 2;
			remoteGlobalIDString = A07A4EFC1783867C0073F6A7;
			remoteInfo = "cocos2dx-extensions iOS";
		};
		1AC6FB0A180E9839004C840B /* PBXContainerItemProxy */ = {
			isa = PBXContainerItemProxy;
			containerPortal = 1AC6FAE5180E9839004C840B /* cocos2d_libs.xcodeproj */;
			proxyType = 2;
			remoteGlobalIDString = A07A4F3B178387670073F6A7;
			remoteInfo = "chipmunk iOS";
		};
		1AC6FB0C180E9839004C840B /* PBXContainerItemProxy */ = {
			isa = PBXContainerItemProxy;
			containerPortal = 1AC6FAE5180E9839004C840B /* cocos2d_libs.xcodeproj */;
			proxyType = 2;
			remoteGlobalIDString = A07A4F9E1783876B0073F6A7;
			remoteInfo = "box2d iOS";
		};
		1AC6FB0E180E9839004C840B /* PBXContainerItemProxy */ = {
			isa = PBXContainerItemProxy;
			containerPortal = 1AC6FAE5180E9839004C840B /* cocos2d_libs.xcodeproj */;
			proxyType = 2;
			remoteGlobalIDString = A07A4FB4178387730073F6A7;
			remoteInfo = "CocosDenshion iOS";
		};
		1AC6FB15180E9959004C840B /* PBXContainerItemProxy */ = {
			isa = PBXContainerItemProxy;
			containerPortal = 1AC6FAE5180E9839004C840B /* cocos2d_libs.xcodeproj */;
			proxyType = 1;
			remoteGlobalIDString = 1551A33E158F2AB200E66CFE;
			remoteInfo = "cocos2dx Mac";
		};
		1AC6FB17180E9959004C840B /* PBXContainerItemProxy */ = {
			isa = PBXContainerItemProxy;
			containerPortal = 1AC6FAE5180E9839004C840B /* cocos2d_libs.xcodeproj */;
			proxyType = 1;
			remoteGlobalIDString = A03F2FC117814595006731B9;
			remoteInfo = "cocos2dx-extensions Mac";
		};
		1AC6FB19180E9959004C840B /* PBXContainerItemProxy */ = {
			isa = PBXContainerItemProxy;
			containerPortal = 1AC6FAE5180E9839004C840B /* cocos2d_libs.xcodeproj */;
			proxyType = 1;
			remoteGlobalIDString = A03F2B781780BD04006731B9;
			remoteInfo = "chipmunk Mac";
		};
		1AC6FB1B180E9959004C840B /* PBXContainerItemProxy */ = {
			isa = PBXContainerItemProxy;
			containerPortal = 1AC6FAE5180E9839004C840B /* cocos2d_libs.xcodeproj */;
			proxyType = 1;
			remoteGlobalIDString = A03F2E9817814268006731B9;
			remoteInfo = "CocosDenshion Mac";
		};
		1AC6FB1D180E9963004C840B /* PBXContainerItemProxy */ = {
			isa = PBXContainerItemProxy;
			containerPortal = 1AC6FAE5180E9839004C840B /* cocos2d_libs.xcodeproj */;
			proxyType = 1;
			remoteGlobalIDString = A03F2D5D1780BDF7006731B9;
			remoteInfo = "box2d Mac";
		};
		1AC6FB24180E99E1004C840B /* PBXContainerItemProxy */ = {
			isa = PBXContainerItemProxy;
			containerPortal = 1AC6FAE5180E9839004C840B /* cocos2d_libs.xcodeproj */;
			proxyType = 1;
			remoteGlobalIDString = A07A4C241783777C0073F6A7;
			remoteInfo = "cocos2dx iOS";
		};
		1AC6FB26180E99E1004C840B /* PBXContainerItemProxy */ = {
			isa = PBXContainerItemProxy;
			containerPortal = 1AC6FAE5180E9839004C840B /* cocos2d_libs.xcodeproj */;
			proxyType = 1;
			remoteGlobalIDString = A07A4E111783867C0073F6A7;
			remoteInfo = "cocos2dx-extensions iOS";
		};
		1AC6FB28180E99E1004C840B /* PBXContainerItemProxy */ = {
			isa = PBXContainerItemProxy;
			containerPortal = 1AC6FAE5180E9839004C840B /* cocos2d_libs.xcodeproj */;
			proxyType = 1;
			remoteGlobalIDString = A07A4EFD178387670073F6A7;
			remoteInfo = "chipmunk iOS";
		};
		1AC6FB2A180E99E1004C840B /* PBXContainerItemProxy */ = {
			isa = PBXContainerItemProxy;
			containerPortal = 1AC6FAE5180E9839004C840B /* cocos2d_libs.xcodeproj */;
			proxyType = 1;
			remoteGlobalIDString = A07A4F3C1783876B0073F6A7;
			remoteInfo = "box2d iOS";
		};
		1AC6FB2C180E99E1004C840B /* PBXContainerItemProxy */ = {
			isa = PBXContainerItemProxy;
			containerPortal = 1AC6FAE5180E9839004C840B /* cocos2d_libs.xcodeproj */;
			proxyType = 1;
			remoteGlobalIDString = A07A4F9F178387730073F6A7;
			remoteInfo = "CocosDenshion iOS";
		};
/* End PBXContainerItemProxy section */

/* Begin PBXFileReference section */
		1616C569196FB64A003D095F /* GameScene.cpp */ = {isa = PBXFileReference; fileEncoding = 4; lastKnownFileType = sourcecode.cpp.cpp; name = GameScene.cpp; path = ../Classes/GameScene.cpp; sourceTree = "<group>"; };
		1616C56A196FB64A003D095F /* GameScene.h */ = {isa = PBXFileReference; fileEncoding = 4; lastKnownFileType = sourcecode.c.h; name = GameScene.h; path = ../Classes/GameScene.h; sourceTree = "<group>"; };
		16393A5519C9B68D0030DC90 /* CoreData.framework */ = {isa = PBXFileReference; lastKnownFileType = wrapper.framework; name = CoreData.framework; path = Platforms/iPhoneOS.platform/Developer/SDKs/iPhoneOS7.1.sdk/System/Library/Frameworks/CoreData.framework; sourceTree = DEVELOPER_DIR; };
		16393A5919C9B6990030DC90 /* SystemConfiguration.framework */ = {isa = PBXFileReference; lastKnownFileType = wrapper.framework; name = SystemConfiguration.framework; path = Platforms/iPhoneOS.platform/Developer/SDKs/iPhoneOS7.1.sdk/System/Library/Frameworks/SystemConfiguration.framework; sourceTree = DEVELOPER_DIR; };
		16393A5C19C9B6D40030DC90 /* GAI.h */ = {isa = PBXFileReference; fileEncoding = 4; lastKnownFileType = sourcecode.c.h; path = GAI.h; sourceTree = "<group>"; };
		16393A5D19C9B6D40030DC90 /* GAIDictionaryBuilder.h */ = {isa = PBXFileReference; fileEncoding = 4; lastKnownFileType = sourcecode.c.h; path = GAIDictionaryBuilder.h; sourceTree = "<group>"; };
		16393A5E19C9B6D40030DC90 /* GAIFields.h */ = {isa = PBXFileReference; fileEncoding = 4; lastKnownFileType = sourcecode.c.h; path = GAIFields.h; sourceTree = "<group>"; };
		16393A5F19C9B6D40030DC90 /* GAILogger.h */ = {isa = PBXFileReference; fileEncoding = 4; lastKnownFileType = sourcecode.c.h; path = GAILogger.h; sourceTree = "<group>"; };
		16393A6019C9B6D40030DC90 /* GAITrackedViewController.h */ = {isa = PBXFileReference; fileEncoding = 4; lastKnownFileType = sourcecode.c.h; path = GAITrackedViewController.h; sourceTree = "<group>"; };
		16393A6119C9B6D40030DC90 /* GAITracker.h */ = {isa = PBXFileReference; fileEncoding = 4; lastKnownFileType = sourcecode.c.h; path = GAITracker.h; sourceTree = "<group>"; };
		16393A6219C9B6D40030DC90 /* libGoogleAnalyticsServices.a */ = {isa = PBXFileReference; lastKnownFileType = archive.ar; path = libGoogleAnalyticsServices.a; sourceTree = "<group>"; };
		16393A6D19C9C2920030DC90 /* GoogleAnalyticsTracker.h */ = {isa = PBXFileReference; fileEncoding = 4; lastKnownFileType = sourcecode.c.h; path = GoogleAnalyticsTracker.h; sourceTree = "<group>"; };
		16393A6F19C9C3DB0030DC90 /* GoogleAnalyticsTracker.mm */ = {isa = PBXFileReference; fileEncoding = 4; lastKnownFileType = sourcecode.cpp.objcpp; path = GoogleAnalyticsTracker.mm; sourceTree = SOURCE_ROOT; };
		16393A7119C9C69F0030DC90 /* GAIEcommerceFields.h */ = {isa = PBXFileReference; fileEncoding = 4; lastKnownFileType = sourcecode.c.h; name = GAIEcommerceFields.h; path = ../../../../Downloads/GoogleAnalyticsServicesiOS_3.09/GoogleAnalytics/Library/GAIEcommerceFields.h; sourceTree = "<group>"; };
		16393A7219C9C69F0030DC90 /* GAIEcommerceProduct.h */ = {isa = PBXFileReference; fileEncoding = 4; lastKnownFileType = sourcecode.c.h; name = GAIEcommerceProduct.h; path = ../../../../Downloads/GoogleAnalyticsServicesiOS_3.09/GoogleAnalytics/Library/GAIEcommerceProduct.h; sourceTree = "<group>"; };
		16393A7319C9C69F0030DC90 /* GAIEcommerceProductAction.h */ = {isa = PBXFileReference; fileEncoding = 4; lastKnownFileType = sourcecode.c.h; name = GAIEcommerceProductAction.h; path = ../../../../Downloads/GoogleAnalyticsServicesiOS_3.09/GoogleAnalytics/Library/GAIEcommerceProductAction.h; sourceTree = "<group>"; };
		16393A7419C9C69F0030DC90 /* GAIEcommercePromotion.h */ = {isa = PBXFileReference; fileEncoding = 4; lastKnownFileType = sourcecode.c.h; name = GAIEcommercePromotion.h; path = ../../../../Downloads/GoogleAnalyticsServicesiOS_3.09/GoogleAnalytics/Library/GAIEcommercePromotion.h; sourceTree = "<group>"; };
		163A0ACE19C693E10007339C /* Marker Felt.ttf */ = {isa = PBXFileReference; lastKnownFileType = file; path = "Marker Felt.ttf"; sourceTree = "<group>"; };
		163A0AD219C6984B0007339C /* LabelRPG.cpp */ = {isa = PBXFileReference; fileEncoding = 4; lastKnownFileType = sourcecode.cpp.cpp; name = LabelRPG.cpp; path = ../Classes/LabelRPG.cpp; sourceTree = "<group>"; };
		163A0AD319C6984B0007339C /* LabelRPG.h */ = {isa = PBXFileReference; fileEncoding = 4; lastKnownFileType = sourcecode.c.h; name = LabelRPG.h; path = ../Classes/LabelRPG.h; sourceTree = "<group>"; };
		163A0AD519C6A27F0007339C /* Hiragino Sans GB W3.otf */ = {isa = PBXFileReference; lastKnownFileType = file; path = "Hiragino Sans GB W3.otf"; sourceTree = "<group>"; };
		1640053E19E91E8D0093FB90 /* Twitter.framework */ = {isa = PBXFileReference; lastKnownFileType = wrapper.framework; name = Twitter.framework; path = Platforms/iPhoneOS.platform/Developer/SDKs/iPhoneOS8.0.sdk/System/Library/Frameworks/Twitter.framework; sourceTree = DEVELOPER_DIR; };
		1640BEA7196FD92500593581 /* Config.h */ = {isa = PBXFileReference; lastKnownFileType = sourcecode.c.h; name = Config.h; path = ../Classes/Config.h; sourceTree = "<group>"; };
		1640BEB71970238100593581 /* GesshiSprite.cpp */ = {isa = PBXFileReference; fileEncoding = 4; lastKnownFileType = sourcecode.cpp.cpp; name = GesshiSprite.cpp; path = ../Classes/GesshiSprite.cpp; sourceTree = "<group>"; };
		1640BEB81970238100593581 /* GesshiSprite.h */ = {isa = PBXFileReference; fileEncoding = 4; lastKnownFileType = sourcecode.c.h; name = GesshiSprite.h; path = ../Classes/GesshiSprite.h; sourceTree = "<group>"; };
		1640BEC31972965F00593581 /* StoneSprite.cpp */ = {isa = PBXFileReference; fileEncoding = 4; lastKnownFileType = sourcecode.cpp.cpp; name = StoneSprite.cpp; path = ../Classes/StoneSprite.cpp; sourceTree = "<group>"; };
		1640BEC41972965F00593581 /* StoneSprite.h */ = {isa = PBXFileReference; fileEncoding = 4; lastKnownFileType = sourcecode.c.h; name = StoneSprite.h; path = ../Classes/StoneSprite.h; sourceTree = "<group>"; };
		166334CC19A83ED2006F1CA8 /* SplashScene.cpp */ = {isa = PBXFileReference; fileEncoding = 4; lastKnownFileType = sourcecode.cpp.cpp; name = SplashScene.cpp; path = ../Classes/SplashScene.cpp; sourceTree = "<group>"; };
		166334CD19A83ED2006F1CA8 /* SplashScene.h */ = {isa = PBXFileReference; fileEncoding = 4; lastKnownFileType = sourcecode.c.h; name = SplashScene.h; path = ../Classes/SplashScene.h; sourceTree = "<group>"; };
		166334D319A86DB7006F1CA8 /* Images.xcassets */ = {isa = PBXFileReference; lastKnownFileType = folder.assetcatalog; name = Images.xcassets; path = "HamuHamu iOS/Images.xcassets"; sourceTree = SOURCE_ROOT; };
		16907FEC19CD129100486ABB /* AudioManager.cpp */ = {isa = PBXFileReference; fileEncoding = 4; lastKnownFileType = sourcecode.cpp.cpp; name = AudioManager.cpp; path = ../Classes/AudioManager.cpp; sourceTree = "<group>"; };
		16907FED19CD129100486ABB /* AudioManager.h */ = {isa = PBXFileReference; fileEncoding = 4; lastKnownFileType = sourcecode.c.h; name = AudioManager.h; path = ../Classes/AudioManager.h; sourceTree = "<group>"; };
		16907FF519CD13D000486ABB /* BackGround.png */ = {isa = PBXFileReference; lastKnownFileType = image.png; path = BackGround.png; sourceTree = "<group>"; };
		16907FF619CD13D000486ABB /* BaseCare.png */ = {isa = PBXFileReference; lastKnownFileType = image.png; path = BaseCare.png; sourceTree = "<group>"; };
		16907FF719CD13D000486ABB /* BaseGp.png */ = {isa = PBXFileReference; lastKnownFileType = image.png; path = BaseGp.png; sourceTree = "<group>"; };
		16907FF819CD13D000486ABB /* Btn_1.png */ = {isa = PBXFileReference; lastKnownFileType = image.png; path = Btn_1.png; sourceTree = "<group>"; };
		16907FF919CD13D000486ABB /* ButtonClose.png */ = {isa = PBXFileReference; lastKnownFileType = image.png; path = ButtonClose.png; sourceTree = "<group>"; };
		16907FFA19CD13D000486ABB /* ButtonNormal.png */ = {isa = PBXFileReference; lastKnownFileType = image.png; path = ButtonNormal.png; sourceTree = "<group>"; };
		16907FFB19CD13D000486ABB /* Default-568h@2x.png */ = {isa = PBXFileReference; lastKnownFileType = image.png; path = "Default-568h@2x.png"; sourceTree = "<group>"; };
		16907FFC19CD13D000486ABB /* Fertilizer_1_1.png */ = {isa = PBXFileReference; lastKnownFileType = image.png; path = Fertilizer_1_1.png; sourceTree = "<group>"; };
		16907FFD19CD13D000486ABB /* Gesshi_1.png */ = {isa = PBXFileReference; lastKnownFileType = image.png; path = Gesshi_1.png; sourceTree = "<group>"; };
		16907FFE19CD13D000486ABB /* Gesshi_2.png */ = {isa = PBXFileReference; lastKnownFileType = image.png; path = Gesshi_2.png; sourceTree = "<group>"; };
		16907FFF19CD13D000486ABB /* Hamster_1_1.png */ = {isa = PBXFileReference; lastKnownFileType = image.png; path = Hamster_1_1.png; sourceTree = "<group>"; };
		1690800019CD13D000486ABB /* Hamster_1_2.png */ = {isa = PBXFileReference; lastKnownFileType = image.png; path = Hamster_1_2.png; sourceTree = "<group>"; };
		1690800119CD13D000486ABB /* HelloWorld.png */ = {isa = PBXFileReference; lastKnownFileType = image.png; path = HelloWorld.png; sourceTree = "<group>"; };
		1690800219CD13D000486ABB /* Num_0.png */ = {isa = PBXFileReference; lastKnownFileType = image.png; path = Num_0.png; sourceTree = "<group>"; };
		1690800319CD13D000486ABB /* Num_1.png */ = {isa = PBXFileReference; lastKnownFileType = image.png; path = Num_1.png; sourceTree = "<group>"; };
		1690800419CD13D000486ABB /* Num_2.png */ = {isa = PBXFileReference; lastKnownFileType = image.png; path = Num_2.png; sourceTree = "<group>"; };
		1690800519CD13D000486ABB /* Num_3.png */ = {isa = PBXFileReference; lastKnownFileType = image.png; path = Num_3.png; sourceTree = "<group>"; };
		1690800619CD13D000486ABB /* Num_4.png */ = {isa = PBXFileReference; lastKnownFileType = image.png; path = Num_4.png; sourceTree = "<group>"; };
		1690800719CD13D000486ABB /* Num_5.png */ = {isa = PBXFileReference; lastKnownFileType = image.png; path = Num_5.png; sourceTree = "<group>"; };
		1690800819CD13D000486ABB /* Num_6.png */ = {isa = PBXFileReference; lastKnownFileType = image.png; path = Num_6.png; sourceTree = "<group>"; };
		1690800919CD13D000486ABB /* Num_7.png */ = {isa = PBXFileReference; lastKnownFileType = image.png; path = Num_7.png; sourceTree = "<group>"; };
		1690800A19CD13D000486ABB /* Num_8.png */ = {isa = PBXFileReference; lastKnownFileType = image.png; path = Num_8.png; sourceTree = "<group>"; };
		1690800B19CD13D000486ABB /* Num_9.png */ = {isa = PBXFileReference; lastKnownFileType = image.png; path = Num_9.png; sourceTree = "<group>"; };
		1690800C19CD13D000486ABB /* Shadow.png */ = {isa = PBXFileReference; lastKnownFileType = image.png; path = Shadow.png; sourceTree = "<group>"; };
		1690800D19CD13D000486ABB /* Stone_1.png */ = {isa = PBXFileReference; lastKnownFileType = image.png; path = Stone_1.png; sourceTree = "<group>"; };
		1690800E19CD13D000486ABB /* Stone_2.png */ = {isa = PBXFileReference; lastKnownFileType = image.png; path = Stone_2.png; sourceTree = "<group>"; };
		1690800F19CD13D000486ABB /* Stone_3.png */ = {isa = PBXFileReference; lastKnownFileType = image.png; path = Stone_3.png; sourceTree = "<group>"; };
		1690801019CD13D000486ABB /* Stone_4.png */ = {isa = PBXFileReference; lastKnownFileType = image.png; path = Stone_4.png; sourceTree = "<group>"; };
		1690801219CD13D000486ABB /* puyon1.mp3 */ = {isa = PBXFileReference; lastKnownFileType = audio.mp3; path = puyon1.mp3; sourceTree = "<group>"; };
		1690803119CD31C000486ABB /* cursor7.mp3 */ = {isa = PBXFileReference; lastKnownFileType = audio.mp3; path = cursor7.mp3; sourceTree = "<group>"; };
		1690803519CDCEDC00486ABB /* stone-break1.mp3 */ = {isa = PBXFileReference; lastKnownFileType = audio.mp3; path = "stone-break1.mp3"; sourceTree = "<group>"; };
		1690803619CDCEDC00486ABB /* water-drop1.mp3 */ = {isa = PBXFileReference; lastKnownFileType = audio.mp3; path = "water-drop1.mp3"; sourceTree = "<group>"; };
		1690803919CDD72C00486ABB /* ModalLayer.cpp */ = {isa = PBXFileReference; fileEncoding = 4; lastKnownFileType = sourcecode.cpp.cpp; name = ModalLayer.cpp; path = ../Classes/ModalLayer.cpp; sourceTree = "<group>"; };
		1690803A19CDD72C00486ABB /* ModalLayer.h */ = {isa = PBXFileReference; fileEncoding = 4; lastKnownFileType = sourcecode.c.h; name = ModalLayer.h; path = ../Classes/ModalLayer.h; sourceTree = "<group>"; };
		1690803C19CE733A00486ABB /* ModalButtonDisable.png */ = {isa = PBXFileReference; lastKnownFileType = image.png; path = ModalButtonDisable.png; sourceTree = "<group>"; };
		1690803D19CE733A00486ABB /* ModalButtonEnable.png */ = {isa = PBXFileReference; lastKnownFileType = image.png; path = ModalButtonEnable.png; sourceTree = "<group>"; };
		1690803F19CE733A00486ABB /* No.png */ = {isa = PBXFileReference; lastKnownFileType = image.png; path = No.png; sourceTree = "<group>"; };
		1690804019CE733A00486ABB /* Ok.png */ = {isa = PBXFileReference; lastKnownFileType = image.png; path = Ok.png; sourceTree = "<group>"; };
		1690804619CE73B300486ABB /* Modal.png */ = {isa = PBXFileReference; lastKnownFileType = image.png; path = Modal.png; sourceTree = "<group>"; };
		1690804819CE7A1C00486ABB /* MenuSound.cpp */ = {isa = PBXFileReference; fileEncoding = 4; lastKnownFileType = sourcecode.cpp.cpp; name = MenuSound.cpp; path = ../Classes/MenuSound.cpp; sourceTree = "<group>"; };
		1690804919CE7A1C00486ABB /* MenuSound.h */ = {isa = PBXFileReference; fileEncoding = 4; lastKnownFileType = sourcecode.c.h; name = MenuSound.h; path = ../Classes/MenuSound.h; sourceTree = "<group>"; };
		1690881D19D0DD5D00486ABB /* libNendAd.a */ = {isa = PBXFileReference; lastKnownFileType = archive.ar; path = libNendAd.a; sourceTree = "<group>"; };
		1690881E19D0DD5D00486ABB /* NADIconArrayView.h */ = {isa = PBXFileReference; fileEncoding = 4; lastKnownFileType = sourcecode.c.h; path = NADIconArrayView.h; sourceTree = "<group>"; };
		1690881F19D0DD5D00486ABB /* NADIconLoader.h */ = {isa = PBXFileReference; fileEncoding = 4; lastKnownFileType = sourcecode.c.h; path = NADIconLoader.h; sourceTree = "<group>"; };
		1690882019D0DD5D00486ABB /* NADIconView.h */ = {isa = PBXFileReference; fileEncoding = 4; lastKnownFileType = sourcecode.c.h; path = NADIconView.h; sourceTree = "<group>"; };
		1690882119D0DD5D00486ABB /* NADInterstitial.h */ = {isa = PBXFileReference; fileEncoding = 4; lastKnownFileType = sourcecode.c.h; path = NADInterstitial.h; sourceTree = "<group>"; };
		1690882219D0DD5D00486ABB /* NADView.h */ = {isa = PBXFileReference; fileEncoding = 4; lastKnownFileType = sourcecode.c.h; path = NADView.h; sourceTree = "<group>"; };
		1690882319D0DD5D00486ABB /* NADView_readme.txt */ = {isa = PBXFileReference; fileEncoding = 4; lastKnownFileType = text; path = NADView_readme.txt; sourceTree = "<group>"; };
		1693D40419B48B5E00C6DCF2 /* ImageIO.framework */ = {isa = PBXFileReference; lastKnownFileType = wrapper.framework; name = ImageIO.framework; path = Platforms/iPhoneOS.platform/Developer/SDKs/iPhoneOS7.1.sdk/System/Library/Frameworks/ImageIO.framework; sourceTree = DEVELOPER_DIR; };
		1693D40619B48C7D00C6DCF2 /* NendIconModule.h */ = {isa = PBXFileReference; fileEncoding = 4; lastKnownFileType = sourcecode.c.h; name = NendIconModule.h; path = ../Classes/NendIconModule.h; sourceTree = "<group>"; };
		1693D40719B48C7D00C6DCF2 /* NendInterstitialModule.h */ = {isa = PBXFileReference; fileEncoding = 4; lastKnownFileType = sourcecode.c.h; name = NendInterstitialModule.h; path = ../Classes/NendInterstitialModule.h; sourceTree = "<group>"; };
		1693D40819B48C9C00C6DCF2 /* NendModule.h */ = {isa = PBXFileReference; fileEncoding = 4; lastKnownFileType = sourcecode.c.h; name = NendModule.h; path = ../Classes/NendModule.h; sourceTree = "<group>"; };
		1693D40919B48CE400C6DCF2 /* NendIconModule.mm */ = {isa = PBXFileReference; fileEncoding = 4; lastKnownFileType = sourcecode.cpp.objcpp; path = NendIconModule.mm; sourceTree = SOURCE_ROOT; };
		1693D40A19B48CE400C6DCF2 /* NendInterstitialModule.mm */ = {isa = PBXFileReference; fileEncoding = 4; lastKnownFileType = sourcecode.cpp.objcpp; path = NendInterstitialModule.mm; sourceTree = SOURCE_ROOT; };
		1693D40B19B48CE400C6DCF2 /* NendModule.mm */ = {isa = PBXFileReference; fileEncoding = 4; lastKnownFileType = sourcecode.cpp.objcpp; path = NendModule.mm; sourceTree = SOURCE_ROOT; };
		16BF042919B4736B006F4B23 /* Security.framework */ = {isa = PBXFileReference; lastKnownFileType = wrapper.framework; name = Security.framework; path = Platforms/iPhoneOS.platform/Developer/SDKs/iPhoneOS7.1.sdk/System/Library/Frameworks/Security.framework; sourceTree = DEVELOPER_DIR; };
		16BF042D19B47373006F4B23 /* AdSupport.framework */ = {isa = PBXFileReference; lastKnownFileType = wrapper.framework; name = AdSupport.framework; path = Platforms/iPhoneOS.platform/Developer/SDKs/iPhoneOS7.1.sdk/System/Library/Frameworks/AdSupport.framework; sourceTree = DEVELOPER_DIR; };
		16BF043419B47630006F4B23 /* libNendAd.a */ = {isa = PBXFileReference; lastKnownFileType = archive.ar; name = libNendAd.a; path = "../../NendSDK_iOS-2.5.1/Nend/NendAd/libNendAd.a"; sourceTree = "<group>"; };
		16BF043819B47930006F4B23 /* libNendAd.a */ = {isa = PBXFileReference; lastKnownFileType = archive.ar; name = libNendAd.a; path = ../Classes/NendAd/libNendAd.a; sourceTree = "<group>"; };
		1AC6FAE5180E9839004C840B /* cocos2d_libs.xcodeproj */ = {isa = PBXFileReference; lastKnownFileType = "wrapper.pb-project"; name = cocos2d_libs.xcodeproj; path = ../cocos2d/build/cocos2d_libs.xcodeproj; sourceTree = "<group>"; };
		1ACB3243164770DE00914215 /* libcurl.a */ = {isa = PBXFileReference; lastKnownFileType = archive.ar; name = libcurl.a; path = ../../cocos2dx/platform/third_party/ios/libraries/libcurl.a; sourceTree = "<group>"; };
		1AFAF8B316D35DE700DB1158 /* AppDelegate.cpp */ = {isa = PBXFileReference; fileEncoding = 4; lastKnownFileType = sourcecode.cpp.cpp; name = AppDelegate.cpp; path = ../Classes/AppDelegate.cpp; sourceTree = "<group>"; };
		1AFAF8B416D35DE700DB1158 /* AppDelegate.h */ = {isa = PBXFileReference; fileEncoding = 4; lastKnownFileType = sourcecode.c.h; name = AppDelegate.h; path = ../Classes/AppDelegate.h; sourceTree = "<group>"; };
		1D30AB110D05D00D00671497 /* Foundation.framework */ = {isa = PBXFileReference; lastKnownFileType = wrapper.framework; name = Foundation.framework; path = System/Library/Frameworks/Foundation.framework; sourceTree = SDKROOT; };
		1D6058910D05DD3D006BFB54 /* Gesshi iOS.app */ = {isa = PBXFileReference; explicitFileType = wrapper.application; includeInIndex = 0; path = "Gesshi iOS.app"; sourceTree = BUILT_PRODUCTS_DIR; };
		1DF5F4DF0D08C38300B7A737 /* UIKit.framework */ = {isa = PBXFileReference; lastKnownFileType = wrapper.framework; name = UIKit.framework; path = System/Library/Frameworks/UIKit.framework; sourceTree = SDKROOT; };
		288765A40DF7441C002DB57D /* CoreGraphics.framework */ = {isa = PBXFileReference; lastKnownFileType = wrapper.framework; name = CoreGraphics.framework; path = System/Library/Frameworks/CoreGraphics.framework; sourceTree = SDKROOT; };
		503AE0F617EB97AB00D1A890 /* Icon.icns */ = {isa = PBXFileReference; lastKnownFileType = image.icns; path = Icon.icns; sourceTree = "<group>"; };
		503AE0F717EB97AB00D1A890 /* Info.plist */ = {isa = PBXFileReference; fileEncoding = 4; lastKnownFileType = text.plist.xml; path = Info.plist; sourceTree = "<group>"; };
		503AE0FA17EB989F00D1A890 /* AppController.h */ = {isa = PBXFileReference; fileEncoding = 4; lastKnownFileType = sourcecode.c.h; name = AppController.h; path = ios/AppController.h; sourceTree = SOURCE_ROOT; };
		503AE0FB17EB989F00D1A890 /* AppController.mm */ = {isa = PBXFileReference; fileEncoding = 4; lastKnownFileType = sourcecode.cpp.objcpp; name = AppController.mm; path = ios/AppController.mm; sourceTree = SOURCE_ROOT; };
		503AE0FC17EB989F00D1A890 /* main.m */ = {isa = PBXFileReference; fileEncoding = 4; lastKnownFileType = sourcecode.c.objc; name = main.m; path = ios/main.m; sourceTree = SOURCE_ROOT; };
		503AE0FD17EB989F00D1A890 /* Prefix.pch */ = {isa = PBXFileReference; fileEncoding = 4; lastKnownFileType = sourcecode.c.h; name = Prefix.pch; path = ios/Prefix.pch; sourceTree = SOURCE_ROOT; };
		503AE0FE17EB989F00D1A890 /* RootViewController.h */ = {isa = PBXFileReference; fileEncoding = 4; lastKnownFileType = sourcecode.c.h; name = RootViewController.h; path = ios/RootViewController.h; sourceTree = SOURCE_ROOT; };
		503AE0FF17EB989F00D1A890 /* RootViewController.mm */ = {isa = PBXFileReference; fileEncoding = 4; lastKnownFileType = sourcecode.cpp.objcpp; name = RootViewController.mm; path = ios/RootViewController.mm; sourceTree = SOURCE_ROOT; };
		503AE10317EB98FF00D1A890 /* main.cpp */ = {isa = PBXFileReference; fileEncoding = 4; lastKnownFileType = sourcecode.cpp.cpp; name = main.cpp; path = mac/main.cpp; sourceTree = "<group>"; };
		503AE10417EB98FF00D1A890 /* Prefix.pch */ = {isa = PBXFileReference; fileEncoding = 4; lastKnownFileType = sourcecode.c.h; name = Prefix.pch; path = mac/Prefix.pch; sourceTree = "<group>"; };
		503AE11117EB99EE00D1A890 /* libcurl.dylib */ = {isa = PBXFileReference; lastKnownFileType = "compiled.mach-o.dylib"; name = libcurl.dylib; path = usr/lib/libcurl.dylib; sourceTree = SDKROOT; };
		503AE11A17EB9C5A00D1A890 /* IOKit.framework */ = {isa = PBXFileReference; lastKnownFileType = wrapper.framework; name = IOKit.framework; path = System/Library/Frameworks/IOKit.framework; sourceTree = SDKROOT; };
		5087E76F17EB910900C73F5D /* Gesshi Mac.app */ = {isa = PBXFileReference; explicitFileType = wrapper.application; includeInIndex = 0; path = "Gesshi Mac.app"; sourceTree = BUILT_PRODUCTS_DIR; };
		5087E77217EB970100C73F5D /* Default-568h@2x.png */ = {isa = PBXFileReference; lastKnownFileType = image.png; path = "Default-568h@2x.png"; sourceTree = "<group>"; };
		5087E77317EB970100C73F5D /* Default.png */ = {isa = PBXFileReference; lastKnownFileType = image.png; path = Default.png; sourceTree = "<group>"; };
		5087E77417EB970100C73F5D /* Default@2x.png */ = {isa = PBXFileReference; lastKnownFileType = image.png; path = "Default@2x.png"; sourceTree = "<group>"; };
		5087E77517EB970100C73F5D /* Icon-114.png */ = {isa = PBXFileReference; lastKnownFileType = image.png; path = "Icon-114.png"; sourceTree = "<group>"; };
		5087E77617EB970100C73F5D /* Icon-120.png */ = {isa = PBXFileReference; lastKnownFileType = image.png; path = "Icon-120.png"; sourceTree = "<group>"; };
		5087E77717EB970100C73F5D /* Icon-144.png */ = {isa = PBXFileReference; lastKnownFileType = image.png; path = "Icon-144.png"; sourceTree = "<group>"; };
		5087E77817EB970100C73F5D /* Icon-152.png */ = {isa = PBXFileReference; lastKnownFileType = image.png; path = "Icon-152.png"; sourceTree = "<group>"; };
		5087E77917EB970100C73F5D /* Icon-57.png */ = {isa = PBXFileReference; lastKnownFileType = image.png; path = "Icon-57.png"; sourceTree = "<group>"; };
		5087E77A17EB970100C73F5D /* Icon-72.png */ = {isa = PBXFileReference; lastKnownFileType = image.png; path = "Icon-72.png"; sourceTree = "<group>"; };
		5087E77B17EB970100C73F5D /* Icon-76.png */ = {isa = PBXFileReference; lastKnownFileType = image.png; path = "Icon-76.png"; sourceTree = "<group>"; };
		5087E77C17EB970100C73F5D /* Info.plist */ = {isa = PBXFileReference; fileEncoding = 4; lastKnownFileType = text.plist.xml; path = Info.plist; sourceTree = "<group>"; };
		5087E78817EB974C00C73F5D /* AppKit.framework */ = {isa = PBXFileReference; lastKnownFileType = wrapper.framework; name = AppKit.framework; path = System/Library/Frameworks/AppKit.framework; sourceTree = SDKROOT; };
		5087E78A17EB975400C73F5D /* OpenGL.framework */ = {isa = PBXFileReference; lastKnownFileType = wrapper.framework; name = OpenGL.framework; path = System/Library/Frameworks/OpenGL.framework; sourceTree = SDKROOT; };
		50EF629217ECD46A001EB2F8 /* Icon-40.png */ = {isa = PBXFileReference; lastKnownFileType = image.png; path = "Icon-40.png"; sourceTree = "<group>"; };
		50EF629317ECD46A001EB2F8 /* Icon-58.png */ = {isa = PBXFileReference; lastKnownFileType = image.png; path = "Icon-58.png"; sourceTree = "<group>"; };
		50EF629417ECD46A001EB2F8 /* Icon-80.png */ = {isa = PBXFileReference; lastKnownFileType = image.png; path = "Icon-80.png"; sourceTree = "<group>"; };
		50EF629517ECD46A001EB2F8 /* Icon-100.png */ = {isa = PBXFileReference; lastKnownFileType = image.png; path = "Icon-100.png"; sourceTree = "<group>"; };
		50EF62A017ECD613001EB2F8 /* Icon-29.png */ = {isa = PBXFileReference; lastKnownFileType = image.png; path = "Icon-29.png"; sourceTree = "<group>"; };
		50EF62A117ECD613001EB2F8 /* Icon-50.png */ = {isa = PBXFileReference; lastKnownFileType = image.png; path = "Icon-50.png"; sourceTree = "<group>"; };
		BF170DB012928DE900B8313A /* OpenGLES.framework */ = {isa = PBXFileReference; lastKnownFileType = wrapper.framework; name = OpenGLES.framework; path = System/Library/Frameworks/OpenGLES.framework; sourceTree = SDKROOT; };
		BF170DB412928DE900B8313A /* libz.dylib */ = {isa = PBXFileReference; lastKnownFileType = "compiled.mach-o.dylib"; name = libz.dylib; path = usr/lib/libz.dylib; sourceTree = SDKROOT; };
		BF1C47EA1293683800B63C5D /* QuartzCore.framework */ = {isa = PBXFileReference; lastKnownFileType = wrapper.framework; name = QuartzCore.framework; path = System/Library/Frameworks/QuartzCore.framework; sourceTree = SDKROOT; };
		D44C620B132DFF330009C878 /* OpenAL.framework */ = {isa = PBXFileReference; lastKnownFileType = wrapper.framework; name = OpenAL.framework; path = System/Library/Frameworks/OpenAL.framework; sourceTree = SDKROOT; };
		D44C620D132DFF430009C878 /* AVFoundation.framework */ = {isa = PBXFileReference; lastKnownFileType = wrapper.framework; name = AVFoundation.framework; path = System/Library/Frameworks/AVFoundation.framework; sourceTree = SDKROOT; };
		D44C620F132DFF4E0009C878 /* AudioToolbox.framework */ = {isa = PBXFileReference; lastKnownFileType = wrapper.framework; name = AudioToolbox.framework; path = System/Library/Frameworks/AudioToolbox.framework; sourceTree = SDKROOT; };
		D6B0611A1803AB670077942B /* CoreMotion.framework */ = {isa = PBXFileReference; lastKnownFileType = wrapper.framework; name = CoreMotion.framework; path = Platforms/iPhoneOS.platform/Developer/SDKs/iPhoneOS7.0.sdk/System/Library/Frameworks/CoreMotion.framework; sourceTree = DEVELOPER_DIR; };
/* End PBXFileReference section */

/* Begin PBXFrameworksBuildPhase section */
		1D60588F0D05DD3D006BFB54 /* Frameworks */ = {
			isa = PBXFrameworksBuildPhase;
			buildActionMask = 2147483647;
			files = (
				1640053F19E91E8D0093FB90 /* Twitter.framework in Frameworks */,
				1690882419D0DD5D00486ABB /* libNendAd.a in Frameworks */,
				16393A5A19C9B6990030DC90 /* SystemConfiguration.framework in Frameworks */,
				16393A5619C9B68D0030DC90 /* CoreData.framework in Frameworks */,
				1693D40519B48B5E00C6DCF2 /* ImageIO.framework in Frameworks */,
				16BF042E19B47374006F4B23 /* AdSupport.framework in Frameworks */,
				16BF042A19B4736B006F4B23 /* Security.framework in Frameworks */,
				1AC6FB2E180E99EB004C840B /* libbox2d iOS.a in Frameworks */,
				1AC6FB2F180E99EB004C840B /* libchipmunk iOS.a in Frameworks */,
				1690882419D0DD5D00486ABB /* libNendAd.a in Frameworks */,
				1AC6FB30180E99EB004C840B /* libcocos2dx iOS.a in Frameworks */,
				1AC6FB31180E99EB004C840B /* libcocos2dx-extensions iOS.a in Frameworks */,
				1AC6FB32180E99EB004C840B /* libCocosDenshion iOS.a in Frameworks */,
				D6B0611B1803AB670077942B /* CoreMotion.framework in Frameworks */,
				1D60589F0D05DD5A006BFB54 /* Foundation.framework in Frameworks */,
				1DF5F4E00D08C38300B7A737 /* UIKit.framework in Frameworks */,
				288765A50DF7441C002DB57D /* CoreGraphics.framework in Frameworks */,
				BF171245129291EC00B8313A /* OpenGLES.framework in Frameworks */,
				BF1712471292920000B8313A /* libz.dylib in Frameworks */,
				BF1C47F01293687400B63C5D /* QuartzCore.framework in Frameworks */,
				D44C620C132DFF330009C878 /* OpenAL.framework in Frameworks */,
				16393A6319C9B6D40030DC90 /* libGoogleAnalyticsServices.a in Frameworks */,
				D44C620E132DFF430009C878 /* AVFoundation.framework in Frameworks */,
				D44C6210132DFF4E0009C878 /* AudioToolbox.framework in Frameworks */,
			);
			runOnlyForDeploymentPostprocessing = 0;
		};
		5087E75C17EB910900C73F5D /* Frameworks */ = {
			isa = PBXFrameworksBuildPhase;
			buildActionMask = 2147483647;
			files = (
				1AC6FB1F180E996B004C840B /* libbox2d Mac.a in Frameworks */,
				1AC6FB20180E996B004C840B /* libchipmunk Mac.a in Frameworks */,
				1AC6FB21180E996B004C840B /* libcocos2dx Mac.a in Frameworks */,
				1AC6FB22180E996B004C840B /* libcocos2dx-extensions Mac.a in Frameworks */,
				1AC6FB23180E996B004C840B /* libCocosDenshion Mac.a in Frameworks */,
				503AE11217EB99EE00D1A890 /* libcurl.dylib in Frameworks */,
				5087E76717EB910900C73F5D /* libz.dylib in Frameworks */,
				503AE11B17EB9C5A00D1A890 /* IOKit.framework in Frameworks */,
				5087E78B17EB975400C73F5D /* OpenGL.framework in Frameworks */,
				5087E78917EB974C00C73F5D /* AppKit.framework in Frameworks */,
				5087E76317EB910900C73F5D /* Foundation.framework in Frameworks */,
				5087E76517EB910900C73F5D /* CoreGraphics.framework in Frameworks */,
				5087E76817EB910900C73F5D /* QuartzCore.framework in Frameworks */,
				5087E76917EB910900C73F5D /* OpenAL.framework in Frameworks */,
				5087E76A17EB910900C73F5D /* AVFoundation.framework in Frameworks */,
				5087E76B17EB910900C73F5D /* AudioToolbox.framework in Frameworks */,
			);
			runOnlyForDeploymentPostprocessing = 0;
		};
/* End PBXFrameworksBuildPhase section */

/* Begin PBXGroup section */
		080E96DDFE201D6D7F000001 /* ios */ = {
			isa = PBXGroup;
			children = (
				16393A6F19C9C3DB0030DC90 /* GoogleAnalyticsTracker.mm */,
				1693D40919B48CE400C6DCF2 /* NendIconModule.mm */,
				1693D40A19B48CE400C6DCF2 /* NendInterstitialModule.mm */,
				1693D40B19B48CE400C6DCF2 /* NendModule.mm */,
				5087E77117EB970100C73F5D /* Icons */,
				503AE0FA17EB989F00D1A890 /* AppController.h */,
				503AE0FB17EB989F00D1A890 /* AppController.mm */,
				503AE0FC17EB989F00D1A890 /* main.m */,
				503AE0FD17EB989F00D1A890 /* Prefix.pch */,
				503AE0FE17EB989F00D1A890 /* RootViewController.h */,
				503AE0FF17EB989F00D1A890 /* RootViewController.mm */,
			);
			name = ios;
			path = Classes;
			sourceTree = "<group>";
		};
		15AA9C4015B7EC450033D6C2 /* Classes */ = {
			isa = PBXGroup;
			children = (
				1690881C19D0DD5D00486ABB /* NendAd */,
				16393A5B19C9B6D40030DC90 /* Gooogle */,
				1693D40819B48C9C00C6DCF2 /* NendModule.h */,
				1693D40619B48C7D00C6DCF2 /* NendIconModule.h */,
				1693D40719B48C7D00C6DCF2 /* NendInterstitialModule.h */,
				1AFAF8B316D35DE700DB1158 /* AppDelegate.cpp */,
				1AFAF8B416D35DE700DB1158 /* AppDelegate.h */,
				1616C569196FB64A003D095F /* GameScene.cpp */,
				1616C56A196FB64A003D095F /* GameScene.h */,
				1640BEA7196FD92500593581 /* Config.h */,
				1640BEB71970238100593581 /* GesshiSprite.cpp */,
				1640BEB81970238100593581 /* GesshiSprite.h */,
				1640BEC31972965F00593581 /* StoneSprite.cpp */,
				1640BEC41972965F00593581 /* StoneSprite.h */,
				166334CC19A83ED2006F1CA8 /* SplashScene.cpp */,
				166334CD19A83ED2006F1CA8 /* SplashScene.h */,
				163A0AD219C6984B0007339C /* LabelRPG.cpp */,
				163A0AD319C6984B0007339C /* LabelRPG.h */,
				16907FEC19CD129100486ABB /* AudioManager.cpp */,
				16907FED19CD129100486ABB /* AudioManager.h */,
				1690803919CDD72C00486ABB /* ModalLayer.cpp */,
				1690803A19CDD72C00486ABB /* ModalLayer.h */,
				1690804819CE7A1C00486ABB /* MenuSound.cpp */,
				1690804919CE7A1C00486ABB /* MenuSound.h */,
			);
			name = Classes;
			path = ../classes;
			sourceTree = "<group>";
		};
		16393A5B19C9B6D40030DC90 /* Gooogle */ = {
			isa = PBXGroup;
			children = (
				16393A7119C9C69F0030DC90 /* GAIEcommerceFields.h */,
				16393A7219C9C69F0030DC90 /* GAIEcommerceProduct.h */,
				16393A7319C9C69F0030DC90 /* GAIEcommerceProductAction.h */,
				16393A7419C9C69F0030DC90 /* GAIEcommercePromotion.h */,
				16393A5C19C9B6D40030DC90 /* GAI.h */,
				16393A5D19C9B6D40030DC90 /* GAIDictionaryBuilder.h */,
				16393A5E19C9B6D40030DC90 /* GAIFields.h */,
				16393A5F19C9B6D40030DC90 /* GAILogger.h */,
				16393A6019C9B6D40030DC90 /* GAITrackedViewController.h */,
				16393A6119C9B6D40030DC90 /* GAITracker.h */,
				16393A6219C9B6D40030DC90 /* libGoogleAnalyticsServices.a */,
				16393A6D19C9C2920030DC90 /* GoogleAnalyticsTracker.h */,
			);
			name = Gooogle;
			path = ../Classes/Gooogle;
			sourceTree = "<group>";
		};
		163A0ACD19C693E10007339C /* fonts */ = {
			isa = PBXGroup;
			children = (
				163A0AD519C6A27F0007339C /* Hiragino Sans GB W3.otf */,
				163A0ACE19C693E10007339C /* Marker Felt.ttf */,
			);
			path = fonts;
			sourceTree = "<group>";
		};
		16907FF419CD13D000486ABB /* images */ = {
			isa = PBXGroup;
			children = (
				1690804619CE73B300486ABB /* Modal.png */,
				1690803C19CE733A00486ABB /* ModalButtonDisable.png */,
				1690803D19CE733A00486ABB /* ModalButtonEnable.png */,
				1690803F19CE733A00486ABB /* No.png */,
				1690804019CE733A00486ABB /* Ok.png */,
				16907FF519CD13D000486ABB /* BackGround.png */,
				16907FF619CD13D000486ABB /* BaseCare.png */,
				16907FF719CD13D000486ABB /* BaseGp.png */,
				16907FF819CD13D000486ABB /* Btn_1.png */,
				16907FF919CD13D000486ABB /* ButtonClose.png */,
				16907FFA19CD13D000486ABB /* ButtonNormal.png */,
				16907FFB19CD13D000486ABB /* Default-568h@2x.png */,
				16907FFC19CD13D000486ABB /* Fertilizer_1_1.png */,
				16907FFD19CD13D000486ABB /* Gesshi_1.png */,
				16907FFE19CD13D000486ABB /* Gesshi_2.png */,
				16907FFF19CD13D000486ABB /* Hamster_1_1.png */,
				1690800019CD13D000486ABB /* Hamster_1_2.png */,
				1690800119CD13D000486ABB /* HelloWorld.png */,
				1690800219CD13D000486ABB /* Num_0.png */,
				1690800319CD13D000486ABB /* Num_1.png */,
				1690800419CD13D000486ABB /* Num_2.png */,
				1690800519CD13D000486ABB /* Num_3.png */,
				1690800619CD13D000486ABB /* Num_4.png */,
				1690800719CD13D000486ABB /* Num_5.png */,
				1690800819CD13D000486ABB /* Num_6.png */,
				1690800919CD13D000486ABB /* Num_7.png */,
				1690800A19CD13D000486ABB /* Num_8.png */,
				1690800B19CD13D000486ABB /* Num_9.png */,
				1690800C19CD13D000486ABB /* Shadow.png */,
				1690800D19CD13D000486ABB /* Stone_1.png */,
				1690800E19CD13D000486ABB /* Stone_2.png */,
				1690800F19CD13D000486ABB /* Stone_3.png */,
				1690801019CD13D000486ABB /* Stone_4.png */,
			);
			path = images;
			sourceTree = "<group>";
		};
		1690801119CD13D000486ABB /* sounds */ = {
			isa = PBXGroup;
			children = (
				1690803519CDCEDC00486ABB /* stone-break1.mp3 */,
				1690803619CDCEDC00486ABB /* water-drop1.mp3 */,
				1690803119CD31C000486ABB /* cursor7.mp3 */,
				1690801219CD13D000486ABB /* puyon1.mp3 */,
			);
			path = sounds;
			sourceTree = "<group>";
		};
		1690881C19D0DD5D00486ABB /* NendAd */ = {
			isa = PBXGroup;
			children = (
				1690881D19D0DD5D00486ABB /* libNendAd.a */,
				1690881E19D0DD5D00486ABB /* NADIconArrayView.h */,
				1690881F19D0DD5D00486ABB /* NADIconLoader.h */,
				1690882019D0DD5D00486ABB /* NADIconView.h */,
				1690882119D0DD5D00486ABB /* NADInterstitial.h */,
				1690882219D0DD5D00486ABB /* NADView.h */,
				1690882319D0DD5D00486ABB /* NADView_readme.txt */,
			);
			name = NendAd;
			path = ../Classes/NendAd;
			sourceTree = "<group>";
		};
		19C28FACFE9D520D11CA2CBB /* Products */ = {
			isa = PBXGroup;
			children = (
				1D6058910D05DD3D006BFB54 /* Gesshi iOS.app */,
				5087E76F17EB910900C73F5D /* Gesshi Mac.app */,
			);
			name = Products;
			sourceTree = "<group>";
		};
		1AC6FAE6180E9839004C840B /* Products */ = {
			isa = PBXGroup;
			children = (
				1AC6FAF9180E9839004C840B /* libcocos2dx Mac.a */,
				1AC6FAFB180E9839004C840B /* libcocos2dx-extensions Mac.a */,
				1AC6FAFD180E9839004C840B /* libchipmunk Mac.a */,
				1AC6FAFF180E9839004C840B /* libbox2d Mac.a */,
				1AC6FB01180E9839004C840B /* libCocosDenshion Mac.a */,
				1AC6FB07180E9839004C840B /* libcocos2dx iOS.a */,
				1AC6FB09180E9839004C840B /* libcocos2dx-extensions iOS.a */,
				1AC6FB0B180E9839004C840B /* libchipmunk iOS.a */,
				1AC6FB0D180E9839004C840B /* libbox2d iOS.a */,
				1AC6FB0F180E9839004C840B /* libCocosDenshion iOS.a */,
			);
			name = Products;
			sourceTree = "<group>";
		};
		29B97314FDCFA39411CA2CEA /* CustomTemplate */ = {
			isa = PBXGroup;
			children = (
				1AC6FAE5180E9839004C840B /* cocos2d_libs.xcodeproj */,
				15AA9C4015B7EC450033D6C2 /* Classes */,
				29B97323FDCFA39411CA2CEA /* Frameworks */,
				080E96DDFE201D6D7F000001 /* ios */,
				503AE10617EB990700D1A890 /* mac */,
				19C28FACFE9D520D11CA2CBB /* Products */,
				78C7DDAA14EBA5050085D0C2 /* Resources */,
			);
			name = CustomTemplate;
			sourceTree = "<group>";
		};
		29B97323FDCFA39411CA2CEA /* Frameworks */ = {
			isa = PBXGroup;
			children = (
				1640053E19E91E8D0093FB90 /* Twitter.framework */,
				16393A5919C9B6990030DC90 /* SystemConfiguration.framework */,
				16393A5519C9B68D0030DC90 /* CoreData.framework */,
				1693D40419B48B5E00C6DCF2 /* ImageIO.framework */,
				16BF043819B47930006F4B23 /* libNendAd.a */,
				16BF043419B47630006F4B23 /* libNendAd.a */,
				16BF042D19B47373006F4B23 /* AdSupport.framework */,
				16BF042919B4736B006F4B23 /* Security.framework */,
				D6B0611A1803AB670077942B /* CoreMotion.framework */,
				503AE11A17EB9C5A00D1A890 /* IOKit.framework */,
				503AE11117EB99EE00D1A890 /* libcurl.dylib */,
				5087E78A17EB975400C73F5D /* OpenGL.framework */,
				5087E78817EB974C00C73F5D /* AppKit.framework */,
				1ACB3243164770DE00914215 /* libcurl.a */,
				BF170DB412928DE900B8313A /* libz.dylib */,
				D44C620F132DFF4E0009C878 /* AudioToolbox.framework */,
				D44C620D132DFF430009C878 /* AVFoundation.framework */,
				288765A40DF7441C002DB57D /* CoreGraphics.framework */,
				1D30AB110D05D00D00671497 /* Foundation.framework */,
				D44C620B132DFF330009C878 /* OpenAL.framework */,
				BF170DB012928DE900B8313A /* OpenGLES.framework */,
				BF1C47EA1293683800B63C5D /* QuartzCore.framework */,
				1DF5F4DF0D08C38300B7A737 /* UIKit.framework */,
			);
			name = Frameworks;
			sourceTree = "<group>";
		};
		503AE0F517EB97AB00D1A890 /* Icons */ = {
			isa = PBXGroup;
			children = (
				503AE0F617EB97AB00D1A890 /* Icon.icns */,
				503AE0F717EB97AB00D1A890 /* Info.plist */,
			);
			name = Icons;
			path = mac;
			sourceTree = SOURCE_ROOT;
		};
		503AE10617EB990700D1A890 /* mac */ = {
			isa = PBXGroup;
			children = (
				503AE0F517EB97AB00D1A890 /* Icons */,
				503AE10317EB98FF00D1A890 /* main.cpp */,
				503AE10417EB98FF00D1A890 /* Prefix.pch */,
			);
			name = mac;
			sourceTree = "<group>";
		};
		5087E77117EB970100C73F5D /* Icons */ = {
			isa = PBXGroup;
			children = (
				5087E77217EB970100C73F5D /* Default-568h@2x.png */,
				5087E77317EB970100C73F5D /* Default.png */,
				5087E77417EB970100C73F5D /* Default@2x.png */,
				50EF62A017ECD613001EB2F8 /* Icon-29.png */,
				50EF62A117ECD613001EB2F8 /* Icon-50.png */,
				50EF629217ECD46A001EB2F8 /* Icon-40.png */,
				50EF629317ECD46A001EB2F8 /* Icon-58.png */,
				50EF629417ECD46A001EB2F8 /* Icon-80.png */,
				50EF629517ECD46A001EB2F8 /* Icon-100.png */,
				5087E77517EB970100C73F5D /* Icon-114.png */,
				5087E77617EB970100C73F5D /* Icon-120.png */,
				5087E77717EB970100C73F5D /* Icon-144.png */,
				5087E77817EB970100C73F5D /* Icon-152.png */,
				5087E77917EB970100C73F5D /* Icon-57.png */,
				5087E77A17EB970100C73F5D /* Icon-72.png */,
				5087E77B17EB970100C73F5D /* Icon-76.png */,
				5087E77C17EB970100C73F5D /* Info.plist */,
			);
			name = Icons;
			path = ios;
			sourceTree = SOURCE_ROOT;
		};
		78C7DDAA14EBA5050085D0C2 /* Resources */ = {
			isa = PBXGroup;
			children = (
				16907FF419CD13D000486ABB /* images */,
				1690801119CD13D000486ABB /* sounds */,
				163A0ACD19C693E10007339C /* fonts */,
				166334D319A86DB7006F1CA8 /* Images.xcassets */,
			);
			name = Resources;
			path = ../Resources;
			sourceTree = "<group>";
		};
/* End PBXGroup section */

/* Begin PBXNativeTarget section */
		1D6058900D05DD3D006BFB54 /* Gesshi iOS */ = {
			isa = PBXNativeTarget;
			buildConfigurationList = 1D6058960D05DD3E006BFB54 /* Build configuration list for PBXNativeTarget "Gesshi iOS" */;
			buildPhases = (
				1D60588D0D05DD3D006BFB54 /* Resources */,
				1D60588E0D05DD3D006BFB54 /* Sources */,
				1D60588F0D05DD3D006BFB54 /* Frameworks */,
			);
			buildRules = (
			);
			dependencies = (
				1AC6FB25180E99E1004C840B /* PBXTargetDependency */,
				1AC6FB27180E99E1004C840B /* PBXTargetDependency */,
				1AC6FB29180E99E1004C840B /* PBXTargetDependency */,
				1AC6FB2B180E99E1004C840B /* PBXTargetDependency */,
				1AC6FB2D180E99E1004C840B /* PBXTargetDependency */,
			);
			name = "Gesshi iOS";
			productName = iphone;
			productReference = 1D6058910D05DD3D006BFB54 /* Gesshi iOS.app */;
			productType = "com.apple.product-type.application";
		};
		5087E73D17EB910900C73F5D /* Gesshi Mac */ = {
			isa = PBXNativeTarget;
			buildConfigurationList = 5087E76C17EB910900C73F5D /* Build configuration list for PBXNativeTarget "Gesshi Mac" */;
			buildPhases = (
				5087E74817EB910900C73F5D /* Resources */,
				5087E75617EB910900C73F5D /* Sources */,
				5087E75C17EB910900C73F5D /* Frameworks */,
			);
			buildRules = (
			);
			dependencies = (
				1AC6FB1E180E9963004C840B /* PBXTargetDependency */,
				1AC6FB16180E9959004C840B /* PBXTargetDependency */,
				1AC6FB18180E9959004C840B /* PBXTargetDependency */,
				1AC6FB1A180E9959004C840B /* PBXTargetDependency */,
				1AC6FB1C180E9959004C840B /* PBXTargetDependency */,
			);
			name = "Gesshi Mac";
			productName = iphone;
			productReference = 5087E76F17EB910900C73F5D /* Gesshi Mac.app */;
			productType = "com.apple.product-type.application";
		};
/* End PBXNativeTarget section */

/* Begin PBXProject section */
		29B97313FDCFA39411CA2CEA /* Project object */ = {
			isa = PBXProject;
			attributes = {
				LastUpgradeCheck = 0500;
				TargetAttributes = {
					1D6058900D05DD3D006BFB54 = {
						DevelopmentTeam = 43Y3SC9S5R;
					};
				};
			};
			buildConfigurationList = C01FCF4E08A954540054247B /* Build configuration list for PBXProject "Gesshi" */;
			compatibilityVersion = "Xcode 3.2";
			developmentRegion = English;
			hasScannedForEncodings = 1;
			knownRegions = (
				English,
				Japanese,
				French,
				German,
			);
			mainGroup = 29B97314FDCFA39411CA2CEA /* CustomTemplate */;
			projectDirPath = "";
			projectReferences = (
				{
					ProductGroup = 1AC6FAE6180E9839004C840B /* Products */;
					ProjectRef = 1AC6FAE5180E9839004C840B /* cocos2d_libs.xcodeproj */;
				},
			);
			projectRoot = "";
			targets = (
				1D6058900D05DD3D006BFB54 /* Gesshi iOS */,
				5087E73D17EB910900C73F5D /* Gesshi Mac */,
			);
		};
/* End PBXProject section */

/* Begin PBXReferenceProxy section */
		1AC6FAF9180E9839004C840B /* libcocos2dx Mac.a */ = {
			isa = PBXReferenceProxy;
			fileType = archive.ar;
			path = "libcocos2dx Mac.a";
			remoteRef = 1AC6FAF8180E9839004C840B /* PBXContainerItemProxy */;
			sourceTree = BUILT_PRODUCTS_DIR;
		};
		1AC6FAFB180E9839004C840B /* libcocos2dx-extensions Mac.a */ = {
			isa = PBXReferenceProxy;
			fileType = archive.ar;
			path = "libcocos2dx-extensions Mac.a";
			remoteRef = 1AC6FAFA180E9839004C840B /* PBXContainerItemProxy */;
			sourceTree = BUILT_PRODUCTS_DIR;
		};
		1AC6FAFD180E9839004C840B /* libchipmunk Mac.a */ = {
			isa = PBXReferenceProxy;
			fileType = archive.ar;
			path = "libchipmunk Mac.a";
			remoteRef = 1AC6FAFC180E9839004C840B /* PBXContainerItemProxy */;
			sourceTree = BUILT_PRODUCTS_DIR;
		};
		1AC6FAFF180E9839004C840B /* libbox2d Mac.a */ = {
			isa = PBXReferenceProxy;
			fileType = archive.ar;
			path = "libbox2d Mac.a";
			remoteRef = 1AC6FAFE180E9839004C840B /* PBXContainerItemProxy */;
			sourceTree = BUILT_PRODUCTS_DIR;
		};
		1AC6FB01180E9839004C840B /* libCocosDenshion Mac.a */ = {
			isa = PBXReferenceProxy;
			fileType = archive.ar;
			path = "libCocosDenshion Mac.a";
			remoteRef = 1AC6FB00180E9839004C840B /* PBXContainerItemProxy */;
			sourceTree = BUILT_PRODUCTS_DIR;
		};
		1AC6FB07180E9839004C840B /* libcocos2dx iOS.a */ = {
			isa = PBXReferenceProxy;
			fileType = archive.ar;
			path = "libcocos2dx iOS.a";
			remoteRef = 1AC6FB06180E9839004C840B /* PBXContainerItemProxy */;
			sourceTree = BUILT_PRODUCTS_DIR;
		};
		1AC6FB09180E9839004C840B /* libcocos2dx-extensions iOS.a */ = {
			isa = PBXReferenceProxy;
			fileType = archive.ar;
			path = "libcocos2dx-extensions iOS.a";
			remoteRef = 1AC6FB08180E9839004C840B /* PBXContainerItemProxy */;
			sourceTree = BUILT_PRODUCTS_DIR;
		};
		1AC6FB0B180E9839004C840B /* libchipmunk iOS.a */ = {
			isa = PBXReferenceProxy;
			fileType = archive.ar;
			path = "libchipmunk iOS.a";
			remoteRef = 1AC6FB0A180E9839004C840B /* PBXContainerItemProxy */;
			sourceTree = BUILT_PRODUCTS_DIR;
		};
		1AC6FB0D180E9839004C840B /* libbox2d iOS.a */ = {
			isa = PBXReferenceProxy;
			fileType = archive.ar;
			path = "libbox2d iOS.a";
			remoteRef = 1AC6FB0C180E9839004C840B /* PBXContainerItemProxy */;
			sourceTree = BUILT_PRODUCTS_DIR;
		};
		1AC6FB0F180E9839004C840B /* libCocosDenshion iOS.a */ = {
			isa = PBXReferenceProxy;
			fileType = archive.ar;
			path = "libCocosDenshion iOS.a";
			remoteRef = 1AC6FB0E180E9839004C840B /* PBXContainerItemProxy */;
			sourceTree = BUILT_PRODUCTS_DIR;
		};
/* End PBXReferenceProxy section */

/* Begin PBXResourcesBuildPhase section */
		1D60588D0D05DD3D006BFB54 /* Resources */ = {
			isa = PBXResourcesBuildPhase;
			buildActionMask = 2147483647;
			files = (
				1690801619CD13D000486ABB /* Btn_1.png in Resources */,
				5087E78117EB970100C73F5D /* Icon-120.png in Resources */,
				166334D419A86DB7006F1CA8 /* Images.xcassets in Resources */,
				1690801819CD13D000486ABB /* ButtonNormal.png in Resources */,
				5087E78617EB970100C73F5D /* Icon-76.png in Resources */,
				1690801F19CD13D000486ABB /* HelloWorld.png in Resources */,
				5087E77F17EB970100C73F5D /* Default@2x.png in Resources */,
				50EF629917ECD46A001EB2F8 /* Icon-100.png in Resources */,
				1690802619CD13D000486ABB /* Num_6.png in Resources */,
				1690882519D0DD5D00486ABB /* NADView_readme.txt in Resources */,
				5087E78317EB970100C73F5D /* Icon-152.png in Resources */,
				5087E77D17EB970100C73F5D /* Default-568h@2x.png in Resources */,
				5087E78517EB970100C73F5D /* Icon-72.png in Resources */,
				1690802819CD13D000486ABB /* Num_8.png in Resources */,
				1690804419CE733B00486ABB /* No.png in Resources */,
				1690801919CD13D000486ABB /* Default-568h@2x.png in Resources */,
				1690803719CDCEDC00486ABB /* stone-break1.mp3 in Resources */,
				1690804219CE733B00486ABB /* ModalButtonEnable.png in Resources */,
				163A0AD619C6A27F0007339C /* Hiragino Sans GB W3.otf in Resources */,
				1690802D19CD13D000486ABB /* Stone_3.png in Resources */,
				1690801C19CD13D000486ABB /* Gesshi_2.png in Resources */,
				1690802F19CD13D000486ABB /* puyon1.mp3 in Resources */,
				50EF62A317ECD613001EB2F8 /* Icon-50.png in Resources */,
				1690801719CD13D000486ABB /* ButtonClose.png in Resources */,
				163A0ACF19C693E10007339C /* Marker Felt.ttf in Resources */,
				1690803819CDCEDC00486ABB /* water-drop1.mp3 in Resources */,
				1690802C19CD13D000486ABB /* Stone_2.png in Resources */,
				5087E78017EB970100C73F5D /* Icon-114.png in Resources */,
				1690801D19CD13D000486ABB /* Hamster_1_1.png in Resources */,
				1690802919CD13D000486ABB /* Num_9.png in Resources */,
				1690804719CE73B300486ABB /* Modal.png in Resources */,
				1690802719CD13D000486ABB /* Num_7.png in Resources */,
				1690801B19CD13D000486ABB /* Gesshi_1.png in Resources */,
				50EF62A217ECD613001EB2F8 /* Icon-29.png in Resources */,
				50EF629617ECD46A001EB2F8 /* Icon-40.png in Resources */,
				1690801519CD13D000486ABB /* BaseGp.png in Resources */,
				1690801E19CD13D000486ABB /* Hamster_1_2.png in Resources */,
				1690803219CD31C000486ABB /* cursor7.mp3 in Resources */,
				1690802219CD13D000486ABB /* Num_2.png in Resources */,
				1690802019CD13D000486ABB /* Num_0.png in Resources */,
				1690802419CD13D000486ABB /* Num_4.png in Resources */,
				5087E78217EB970100C73F5D /* Icon-144.png in Resources */,
				1690801A19CD13D000486ABB /* Fertilizer_1_1.png in Resources */,
				1690801319CD13D000486ABB /* BackGround.png in Resources */,
				1690801419CD13D000486ABB /* BaseCare.png in Resources */,
				1690802B19CD13D000486ABB /* Stone_1.png in Resources */,
				50EF629817ECD46A001EB2F8 /* Icon-80.png in Resources */,
				1690804119CE733B00486ABB /* ModalButtonDisable.png in Resources */,
				1690802319CD13D000486ABB /* Num_3.png in Resources */,
				5087E78417EB970100C73F5D /* Icon-57.png in Resources */,
				1690802E19CD13D000486ABB /* Stone_4.png in Resources */,
				5087E77E17EB970100C73F5D /* Default.png in Resources */,
				50EF629717ECD46A001EB2F8 /* Icon-58.png in Resources */,
				1690802519CD13D000486ABB /* Num_5.png in Resources */,
				1690804519CE733B00486ABB /* Ok.png in Resources */,
				1690802119CD13D000486ABB /* Num_1.png in Resources */,
				1690802A19CD13D000486ABB /* Shadow.png in Resources */,
			);
			runOnlyForDeploymentPostprocessing = 0;
		};
		5087E74817EB910900C73F5D /* Resources */ = {
			isa = PBXResourcesBuildPhase;
			buildActionMask = 2147483647;
			files = (
				503AE0F817EB97AB00D1A890 /* Icon.icns in Resources */,
			);
			runOnlyForDeploymentPostprocessing = 0;
		};
/* End PBXResourcesBuildPhase section */

/* Begin PBXSourcesBuildPhase section */
		1D60588E0D05DD3D006BFB54 /* Sources */ = {
			isa = PBXSourcesBuildPhase;
			buildActionMask = 2147483647;
			files = (
				16907FEE19CD129100486ABB /* AudioManager.cpp in Sources */,
				1693D40E19B48CE400C6DCF2 /* NendModule.mm in Sources */,
				503AE10017EB989F00D1A890 /* AppController.mm in Sources */,
				166334CE19A83ED2006F1CA8 /* SplashScene.cpp in Sources */,
				1693D40C19B48CE400C6DCF2 /* NendIconModule.mm in Sources */,
				503AE10217EB989F00D1A890 /* RootViewController.mm in Sources */,
				1690803B19CDD72C00486ABB /* ModalLayer.cpp in Sources */,
				1640BEB91970238100593581 /* GesshiSprite.cpp in Sources */,
				16393A7019C9C3DB0030DC90 /* GoogleAnalyticsTracker.mm in Sources */,
				1AFAF8B716D35DE700DB1158 /* AppDelegate.cpp in Sources */,
				1640BEC51972965F00593581 /* StoneSprite.cpp in Sources */,
				503AE10117EB989F00D1A890 /* main.m in Sources */,
				1690804A19CE7A1C00486ABB /* MenuSound.cpp in Sources */,
				1693D40D19B48CE400C6DCF2 /* NendInterstitialModule.mm in Sources */,
				163A0AD419C6984B0007339C /* LabelRPG.cpp in Sources */,
				1616C56B196FB64A003D095F /* GameScene.cpp in Sources */,
			);
			runOnlyForDeploymentPostprocessing = 0;
		};
		5087E75617EB910900C73F5D /* Sources */ = {
			isa = PBXSourcesBuildPhase;
			buildActionMask = 2147483647;
			files = (
				5087E75717EB910900C73F5D /* AppDelegate.cpp in Sources */,
				503AE10517EB98FF00D1A890 /* main.cpp in Sources */,
			);
			runOnlyForDeploymentPostprocessing = 0;
		};
/* End PBXSourcesBuildPhase section */

/* Begin PBXTargetDependency section */
		1AC6FB16180E9959004C840B /* PBXTargetDependency */ = {
			isa = PBXTargetDependency;
			name = "cocos2dx Mac";
			targetProxy = 1AC6FB15180E9959004C840B /* PBXContainerItemProxy */;
		};
		1AC6FB18180E9959004C840B /* PBXTargetDependency */ = {
			isa = PBXTargetDependency;
			name = "cocos2dx-extensions Mac";
			targetProxy = 1AC6FB17180E9959004C840B /* PBXContainerItemProxy */;
		};
		1AC6FB1A180E9959004C840B /* PBXTargetDependency */ = {
			isa = PBXTargetDependency;
			name = "chipmunk Mac";
			targetProxy = 1AC6FB19180E9959004C840B /* PBXContainerItemProxy */;
		};
		1AC6FB1C180E9959004C840B /* PBXTargetDependency */ = {
			isa = PBXTargetDependency;
			name = "CocosDenshion Mac";
			targetProxy = 1AC6FB1B180E9959004C840B /* PBXContainerItemProxy */;
		};
		1AC6FB1E180E9963004C840B /* PBXTargetDependency */ = {
			isa = PBXTargetDependency;
			name = "box2d Mac";
			targetProxy = 1AC6FB1D180E9963004C840B /* PBXContainerItemProxy */;
		};
		1AC6FB25180E99E1004C840B /* PBXTargetDependency */ = {
			isa = PBXTargetDependency;
			name = "cocos2dx iOS";
			targetProxy = 1AC6FB24180E99E1004C840B /* PBXContainerItemProxy */;
		};
		1AC6FB27180E99E1004C840B /* PBXTargetDependency */ = {
			isa = PBXTargetDependency;
			name = "cocos2dx-extensions iOS";
			targetProxy = 1AC6FB26180E99E1004C840B /* PBXContainerItemProxy */;
		};
		1AC6FB29180E99E1004C840B /* PBXTargetDependency */ = {
			isa = PBXTargetDependency;
			name = "chipmunk iOS";
			targetProxy = 1AC6FB28180E99E1004C840B /* PBXContainerItemProxy */;
		};
		1AC6FB2B180E99E1004C840B /* PBXTargetDependency */ = {
			isa = PBXTargetDependency;
			name = "box2d iOS";
			targetProxy = 1AC6FB2A180E99E1004C840B /* PBXContainerItemProxy */;
		};
		1AC6FB2D180E99E1004C840B /* PBXTargetDependency */ = {
			isa = PBXTargetDependency;
			name = "CocosDenshion iOS";
			targetProxy = 1AC6FB2C180E99E1004C840B /* PBXContainerItemProxy */;
		};
/* End PBXTargetDependency section */

/* Begin XCBuildConfiguration section */
		1D6058940D05DD3E006BFB54 /* Debug */ = {
			isa = XCBuildConfiguration;
			buildSettings = {
				ALWAYS_SEARCH_USER_PATHS = YES;
				ARCHS = armv7;
				ASSETCATALOG_COMPILER_APPICON_NAME = AppIcon;
				ASSETCATALOG_COMPILER_LAUNCHIMAGE_NAME = LaunchImage;
				CODE_SIGN_IDENTITY = "iPhone Developer";
				"CODE_SIGN_IDENTITY[sdk=iphoneos*]" = "iPhone Developer";
				COMPRESS_PNG_FILES = NO;
				DEBUG_INFORMATION_FORMAT = "dwarf-with-dsym";
				GCC_DYNAMIC_NO_PIC = NO;
				GCC_INLINES_ARE_PRIVATE_EXTERN = NO;
				GCC_PRECOMPILE_PREFIX_HEADER = YES;
				GCC_PREFIX_HEADER = ios/Prefix.pch;
				GCC_PREPROCESSOR_DEFINITIONS = (
					USE_FILE32API,
					CC_TARGET_OS_IPHONE,
					"COCOS2D_DEBUG=1",
					"CC_ENABLE_CHIPMUNK_INTEGRATION=1",
				);
				GCC_SYMBOLS_PRIVATE_EXTERN = NO;
				HEADER_SEARCH_PATHS = (
					"$(inherited)",
					"$(SRCROOT)/../cocos2d/cocos/2d/platform/ios",
					"$(SRCROOT)/../cocos2d/cocos/2d/platform/ios/Simulation",
				);
				INFOPLIST_FILE = ios/Info.plist;
				IPHONEOS_DEPLOYMENT_TARGET = 7.0;
				LIBRARY_SEARCH_PATHS = (
					/Users/MacoTasu/personal/Gesshi/Classes/NendAd,
					/Users/MacoTasu/personal/Gesshi/Classes/Gooogle,
				);
				PRODUCT_NAME = "Gesshi iOS";
				PROVISIONING_PROFILE = "";
				SDKROOT = iphoneos;
				TARGETED_DEVICE_FAMILY = 1;
				USER_HEADER_SEARCH_PATHS = "";
			};
			name = Debug;
		};
		1D6058950D05DD3E006BFB54 /* Release */ = {
			isa = XCBuildConfiguration;
			buildSettings = {
				ALWAYS_SEARCH_USER_PATHS = YES;
				ARCHS = armv7;
				ASSETCATALOG_COMPILER_APPICON_NAME = AppIcon;
				ASSETCATALOG_COMPILER_LAUNCHIMAGE_NAME = LaunchImage;
				CODE_SIGN_IDENTITY = "iPhone Distribution: Makoto Shiga (43Y3SC9S5R)";
				"CODE_SIGN_IDENTITY[sdk=iphoneos*]" = "iPhone Distribution: Makoto Shiga (43Y3SC9S5R)";
				COMPRESS_PNG_FILES = NO;
				DEBUG_INFORMATION_FORMAT = "dwarf-with-dsym";
				GCC_INLINES_ARE_PRIVATE_EXTERN = NO;
				GCC_PRECOMPILE_PREFIX_HEADER = YES;
				GCC_PREFIX_HEADER = ios/Prefix.pch;
				GCC_PREPROCESSOR_DEFINITIONS = (
					USE_FILE32API,
					CC_TARGET_OS_IPHONE,
					"CC_ENABLE_CHIPMUNK_INTEGRATION=1",
				);
				GCC_SYMBOLS_PRIVATE_EXTERN = NO;
				HEADER_SEARCH_PATHS = (
					"$(inherited)",
					"$(SRCROOT)/../cocos2d/cocos/2d/platform/ios",
					"$(SRCROOT)/../cocos2d/cocos/2d/platform/ios/Simulation",
				);
				INFOPLIST_FILE = ios/Info.plist;
				IPHONEOS_DEPLOYMENT_TARGET = 7.0;
				LIBRARY_SEARCH_PATHS = (
					/Users/MacoTasu/personal/Gesshi/Classes/NendAd,
					/Users/MacoTasu/personal/Gesshi/Classes/Gooogle,
				);
				PRODUCT_NAME = "Gesshi iOS";
				PROVISIONING_PROFILE = "";
				SDKROOT = iphoneos;
				TARGETED_DEVICE_FAMILY = 1;
				USER_HEADER_SEARCH_PATHS = "";
			};
			name = Release;
		};
		5087E76D17EB910900C73F5D /* Debug */ = {
			isa = XCBuildConfiguration;
			buildSettings = {
				ALWAYS_SEARCH_USER_PATHS = YES;
				ARCHS = "$(ARCHS_STANDARD_64_BIT)";
				CLANG_CXX_LANGUAGE_STANDARD = "c++0x";
				CLANG_CXX_LIBRARY = "libc++";
				GCC_DYNAMIC_NO_PIC = NO;
				GCC_INLINES_ARE_PRIVATE_EXTERN = NO;
				GCC_PRECOMPILE_PREFIX_HEADER = YES;
				GCC_PREFIX_HEADER = mac/Prefix.pch;
				GCC_PREPROCESSOR_DEFINITIONS = (
					USE_FILE32API,
					CC_TARGET_OS_MAC,
					"COCOS2D_DEBUG=1",
					"CC_ENABLE_CHIPMUNK_INTEGRATION=1",
				);
				GCC_SYMBOLS_PRIVATE_EXTERN = NO;
				HEADER_SEARCH_PATHS = (
					"$(inherited)",
					"$(SRCROOT)/../cocos2d/cocos/2d/platform/mac",
					"$(SRCROOT)/../cocos2d/external/glfw3/include/mac",
				);
				INFOPLIST_FILE = mac/Info.plist;
				LIBRARY_SEARCH_PATHS = "";
				PRODUCT_NAME = "Gesshi Mac";
				USER_HEADER_SEARCH_PATHS = "";
			};
			name = Debug;
		};
		5087E76E17EB910900C73F5D /* Release */ = {
			isa = XCBuildConfiguration;
			buildSettings = {
				ALWAYS_SEARCH_USER_PATHS = YES;
				ARCHS = "$(ARCHS_STANDARD_64_BIT)";
				CLANG_CXX_LANGUAGE_STANDARD = "c++0x";
				CLANG_CXX_LIBRARY = "libc++";
				GCC_INLINES_ARE_PRIVATE_EXTERN = NO;
				GCC_PRECOMPILE_PREFIX_HEADER = YES;
				GCC_PREFIX_HEADER = mac/Prefix.pch;
				GCC_PREPROCESSOR_DEFINITIONS = (
					USE_FILE32API,
					CC_TARGET_OS_MAC,
					"CC_ENABLE_CHIPMUNK_INTEGRATION=1",
				);
				GCC_SYMBOLS_PRIVATE_EXTERN = NO;
				HEADER_SEARCH_PATHS = (
					"$(inherited)",
					"$(SRCROOT)/../cocos2d/cocos/2d/platform/mac",
					"$(SRCROOT)/../cocos2d/external/glfw3/include/mac",
				);
				INFOPLIST_FILE = mac/Info.plist;
				LIBRARY_SEARCH_PATHS = "";
				PRODUCT_NAME = "Gesshi Mac";
				USER_HEADER_SEARCH_PATHS = "";
			};
			name = Release;
		};
		C01FCF4F08A954540054247B /* Debug */ = {
			isa = XCBuildConfiguration;
			buildSettings = {
				CLANG_CXX_LANGUAGE_STANDARD = "c++0x";
				CLANG_CXX_LIBRARY = "libc++";
				COPY_PHASE_STRIP = NO;
				GCC_OPTIMIZATION_LEVEL = 0;
				GCC_WARN_ABOUT_RETURN_TYPE = YES;
				GCC_WARN_UNUSED_VARIABLE = YES;
				HEADER_SEARCH_PATHS = (
					"$(SRCROOT)/../cocos2d",
					"$(SRCROOT)/../cocos2d/cocos",
					"$(SRCROOT)/../cocos2d/cocos/base",
					"$(SRCROOT)/../cocos2d/cocos/physics",
					"$(SRCROOT)/../cocos2d/cocos/math/kazmath",
					"$(SRCROOT)/../cocos2d/cocos/2d",
					"$(SRCROOT)/../cocos2d/cocos/ui",
					"$(SRCROOT)/../cocos2d/cocos/network",
					"$(SRCROOT)/../cocos2d/cocos/audio/include",
					"$(SRCROOT)/../cocos2d/cocos/editor-support",
					"$(SRCROOT)/../cocos2d/extensions",
					"$(SRCROOT)/../cocos2d/external",
					"$(SRCROOT)/../cocos2d/external/chipmunk/include/chipmunk",
				);
				IPHONEOS_DEPLOYMENT_TARGET = 7.0;
				ONLY_ACTIVE_ARCH = YES;
				PRODUCT_NAME = "$(TARGET_NAME)";
				SDKROOT = macosx;
			};
			name = Debug;
		};
		C01FCF5008A954540054247B /* Release */ = {
			isa = XCBuildConfiguration;
			buildSettings = {
				CLANG_CXX_LANGUAGE_STANDARD = "c++0x";
				CLANG_CXX_LIBRARY = "libc++";
				GCC_WARN_ABOUT_RETURN_TYPE = YES;
				GCC_WARN_UNUSED_VARIABLE = YES;
				HEADER_SEARCH_PATHS = (
					"$(SRCROOT)/../cocos2d",
					"$(SRCROOT)/../cocos2d/cocos",
					"$(SRCROOT)/../cocos2d/cocos/base",
					"$(SRCROOT)/../cocos2d/cocos/physics",
					"$(SRCROOT)/../cocos2d/cocos/math/kazmath",
					"$(SRCROOT)/../cocos2d/cocos/2d",
					"$(SRCROOT)/../cocos2d/cocos/ui",
					"$(SRCROOT)/../cocos2d/cocos/network",
					"$(SRCROOT)/../cocos2d/cocos/audio/include",
					"$(SRCROOT)/../cocos2d/cocos/editor-support",
					"$(SRCROOT)/../cocos2d/extensions",
					"$(SRCROOT)/../cocos2d/external",
					"$(SRCROOT)/../cocos2d/external/chipmunk/include/chipmunk",
				);
				IPHONEOS_DEPLOYMENT_TARGET = 7.0;
				OTHER_CFLAGS = "-DNS_BLOCK_ASSERTIONS=1";
				PRODUCT_NAME = "$(TARGET_NAME)";
				SDKROOT = macosx;
				VALIDATE_PRODUCT = YES;
			};
			name = Release;
		};
/* End XCBuildConfiguration section */

/* Begin XCConfigurationList section */
		1D6058960D05DD3E006BFB54 /* Build configuration list for PBXNativeTarget "Gesshi iOS" */ = {
			isa = XCConfigurationList;
			buildConfigurations = (
				1D6058940D05DD3E006BFB54 /* Debug */,
				1D6058950D05DD3E006BFB54 /* Release */,
			);
			defaultConfigurationIsVisible = 0;
			defaultConfigurationName = Debug;
		};
		5087E76C17EB910900C73F5D /* Build configuration list for PBXNativeTarget "Gesshi Mac" */ = {
			isa = XCConfigurationList;
			buildConfigurations = (
				5087E76D17EB910900C73F5D /* Debug */,
				5087E76E17EB910900C73F5D /* Release */,
			);
			defaultConfigurationIsVisible = 0;
			defaultConfigurationName = Debug;
		};
		C01FCF4E08A954540054247B /* Build configuration list for PBXProject "Gesshi" */ = {
			isa = XCConfigurationList;
			buildConfigurations = (
				C01FCF4F08A954540054247B /* Debug */,
				C01FCF5008A954540054247B /* Release */,
			);
			defaultConfigurationIsVisible = 0;
			defaultConfigurationName = Debug;
		};
/* End XCConfigurationList section */
	};
	rootObject = 29B97313FDCFA39411CA2CEA /* Project object */;
}
